// !$*UTF8*$!
{
	archiveVersion = 1;
	classes = {
	};
	objectVersion = 56;
	objects = {

/* Begin PBXBuildFile section */
		830584242BA00E4400E55A04 /* SingleAnswerQuestion.swift in Sources */ = {isa = PBXBuildFile; fileRef = 830584232BA00E4400E55A04 /* SingleAnswerQuestion.swift */; };
		830584262BA0397C00E55A04 /* HeaderView.swift in Sources */ = {isa = PBXBuildFile; fileRef = 830584252BA0397C00E55A04 /* HeaderView.swift */; };
		830584282BA0445500E55A04 /* SingleTextSelectionCell.swift in Sources */ = {isa = PBXBuildFile; fileRef = 830584272BA0445500E55A04 /* SingleTextSelectionCell.swift */; };
		8305842A2BA0869300E55A04 /* iOSSwiftUIViewControllerFactoryTest.swift in Sources */ = {isa = PBXBuildFile; fileRef = 830584292BA0869300E55A04 /* iOSSwiftUIViewControllerFactoryTest.swift */; };
		8305842C2BA087A500E55A04 /* iOSSwiftUIViewControllerFactory.swift in Sources */ = {isa = PBXBuildFile; fileRef = 8305842B2BA087A500E55A04 /* iOSSwiftUIViewControllerFactory.swift */; };
		830E56972B80ECE100851946 /* CorrectAnswerCell.xib in Resources */ = {isa = PBXBuildFile; fileRef = 830E56962B80ECE100851946 /* CorrectAnswerCell.xib */; };
		8310FF5B2BA1A747006456FA /* MultipleTextSelectionCell.swift in Sources */ = {isa = PBXBuildFile; fileRef = 8310FF5A2BA1A746006456FA /* MultipleTextSelectionCell.swift */; };
		8311EE1A2B81B7060088339B /* UITableViewExtensions.swift in Sources */ = {isa = PBXBuildFile; fileRef = 8311EE192B81B7060088339B /* UITableViewExtensions.swift */; };
		8311EE1C2B81B7600088339B /* PresentableAnswer.swift in Sources */ = {isa = PBXBuildFile; fileRef = 8311EE1B2B81B7600088339B /* PresentableAnswer.swift */; };
		8311EE1E2B81B7930088339B /* CorrectAnswerCell.swift in Sources */ = {isa = PBXBuildFile; fileRef = 8311EE1D2B81B7930088339B /* CorrectAnswerCell.swift */; };
		8311EE202B81B7BB0088339B /* WrongAnswerCell.swift in Sources */ = {isa = PBXBuildFile; fileRef = 8311EE1F2B81B7BB0088339B /* WrongAnswerCell.swift */; };
		832626102BA18A6B00C7A324 /* MutipleSelectionStoreTests.swift in Sources */ = {isa = PBXBuildFile; fileRef = 8326260F2BA18A6B00C7A324 /* MutipleSelectionStoreTests.swift */; };
		832626122BA19D0E00C7A324 /* MutipleSelectionStore.swift in Sources */ = {isa = PBXBuildFile; fileRef = 832626112BA19D0E00C7A324 /* MutipleSelectionStore.swift */; };
		832626142BA1A5CA00C7A324 /* MultipleAnswerQuestion.swift in Sources */ = {isa = PBXBuildFile; fileRef = 832626132BA1A5CA00C7A324 /* MultipleAnswerQuestion.swift */; };
		83539FD22B7B931D000ABF1A /* AppDelegate.swift in Sources */ = {isa = PBXBuildFile; fileRef = 83539FD12B7B931D000ABF1A /* AppDelegate.swift */; };
		83539FD42B7B931D000ABF1A /* SceneDelegate.swift in Sources */ = {isa = PBXBuildFile; fileRef = 83539FD32B7B931D000ABF1A /* SceneDelegate.swift */; };
		83539FDB2B7B931E000ABF1A /* Assets.xcassets in Resources */ = {isa = PBXBuildFile; fileRef = 83539FDA2B7B931E000ABF1A /* Assets.xcassets */; };
		83539FDE2B7B931E000ABF1A /* LaunchScreen.storyboard in Resources */ = {isa = PBXBuildFile; fileRef = 83539FDC2B7B931E000ABF1A /* LaunchScreen.storyboard */; };
		8353A0022B7B9558000ABF1A /* QuestionViewControllerTest.swift in Sources */ = {isa = PBXBuildFile; fileRef = 8353A0012B7B9558000ABF1A /* QuestionViewControllerTest.swift */; };
		8353A0042B7B96C2000ABF1A /* QuestionViewController.swift in Sources */ = {isa = PBXBuildFile; fileRef = 8353A0032B7B96C2000ABF1A /* QuestionViewController.swift */; };
		8353A0062B7B9712000ABF1A /* QuestionViewController.xib in Resources */ = {isa = PBXBuildFile; fileRef = 8353A0052B7B9712000ABF1A /* QuestionViewController.xib */; };
		8358D10A2B88B21800AA6301 /* ViewControllerFactory.swift in Sources */ = {isa = PBXBuildFile; fileRef = 8358D1092B88B21800AA6301 /* ViewControllerFactory.swift */; };
		8358D10C2B88B45400AA6301 /* iOSUIKitViewControllerFactoryTest.swift in Sources */ = {isa = PBXBuildFile; fileRef = 8358D10B2B88B45400AA6301 /* iOSUIKitViewControllerFactoryTest.swift */; };
		8358D10E2B88BAAE00AA6301 /* iOSUIKitViewControllerFactory.swift in Sources */ = {isa = PBXBuildFile; fileRef = 8358D10D2B88BAAE00AA6301 /* iOSUIKitViewControllerFactory.swift */; };
		8358D1102B89A84A00AA6301 /* ResultPresenterTest.swift in Sources */ = {isa = PBXBuildFile; fileRef = 8358D10F2B89A84A00AA6301 /* ResultPresenterTest.swift */; };
		8358D1142B89B68E00AA6301 /* ResultsPresenter.swift in Sources */ = {isa = PBXBuildFile; fileRef = 8358D1132B89B68E00AA6301 /* ResultsPresenter.swift */; };
		8358D1162B89CD2900AA6301 /* QuestionPresenterTest.swift in Sources */ = {isa = PBXBuildFile; fileRef = 8358D1152B89CD2900AA6301 /* QuestionPresenterTest.swift */; };
		8358D1182B89D75D00AA6301 /* QuestionPresenter.swift in Sources */ = {isa = PBXBuildFile; fileRef = 8358D1172B89D75D00AA6301 /* QuestionPresenter.swift */; };
		8358DC8E2B7FBD82000848CB /* ResultsViewController.swift in Sources */ = {isa = PBXBuildFile; fileRef = 8358DC8C2B7FBD82000848CB /* ResultsViewController.swift */; };
		8358DC8F2B7FBD82000848CB /* ResultsViewController.xib in Resources */ = {isa = PBXBuildFile; fileRef = 8358DC8D2B7FBD82000848CB /* ResultsViewController.xib */; };
		8358DC912B7FBDDC000848CB /* ResultsViewControllerTest.swift in Sources */ = {isa = PBXBuildFile; fileRef = 8358DC902B7FBDDC000848CB /* ResultsViewControllerTest.swift */; };
		8358DC932B7FE318000848CB /* TableViewHelpers.swift in Sources */ = {isa = PBXBuildFile; fileRef = 8358DC922B7FE318000848CB /* TableViewHelpers.swift */; };
		83AFE2402B8103E90025E25C /* WrongAnswerCell.xib in Resources */ = {isa = PBXBuildFile; fileRef = 83AFE23F2B8103E90025E25C /* WrongAnswerCell.xib */; };
		83DC45272B9B6F0B0067511E /* ScoreTest.swift in Sources */ = {isa = PBXBuildFile; fileRef = 83DC45262B9B6F0B0067511E /* ScoreTest.swift */; };
		83DC452A2B9B6FC30067511E /* BasicScore.swift in Sources */ = {isa = PBXBuildFile; fileRef = 83DC45292B9B6FC30067511E /* BasicScore.swift */; };
		83DD2EB22B85EF8400F3B2CB /* QuizEngine.framework in Frameworks */ = {isa = PBXBuildFile; fileRef = 83DD2EB12B85EF8400F3B2CB /* QuizEngine.framework */; };
		83DD2EB32B85EF8400F3B2CB /* QuizEngine.framework in Embed Frameworks */ = {isa = PBXBuildFile; fileRef = 83DD2EB12B85EF8400F3B2CB /* QuizEngine.framework */; settings = {ATTRIBUTES = (CodeSignOnCopy, RemoveHeadersOnCopy, ); }; };
		83DD2EB62B85F05D00F3B2CB /* NavigationControllerRouterTest.swift in Sources */ = {isa = PBXBuildFile; fileRef = 83DD2EB52B85F05D00F3B2CB /* NavigationControllerRouterTest.swift */; };
		83DD2EB82B85F1E800F3B2CB /* NavigationControllerRouter.swift in Sources */ = {isa = PBXBuildFile; fileRef = 83DD2EB72B85F1E800F3B2CB /* NavigationControllerRouter.swift */; };
/* End PBXBuildFile section */

/* Begin PBXContainerItemProxy section */
		83539FE52B7B931E000ABF1A /* PBXContainerItemProxy */ = {
			isa = PBXContainerItemProxy;
			containerPortal = 83539FC62B7B931C000ABF1A /* Project object */;
			proxyType = 1;
			remoteGlobalIDString = 83539FCD2B7B931D000ABF1A;
			remoteInfo = QuizApp;
		};
/* End PBXContainerItemProxy section */

/* Begin PBXCopyFilesBuildPhase section */
		83DD2EB42B85EF8400F3B2CB /* Embed Frameworks */ = {
			isa = PBXCopyFilesBuildPhase;
			buildActionMask = 2147483647;
			dstPath = "";
			dstSubfolderSpec = 10;
			files = (
				83DD2EB32B85EF8400F3B2CB /* QuizEngine.framework in Embed Frameworks */,
			);
			name = "Embed Frameworks";
			runOnlyForDeploymentPostprocessing = 0;
		};
/* End PBXCopyFilesBuildPhase section */

/* Begin PBXFileReference section */
		830584232BA00E4400E55A04 /* SingleAnswerQuestion.swift */ = {isa = PBXFileReference; lastKnownFileType = sourcecode.swift; path = SingleAnswerQuestion.swift; sourceTree = "<group>"; };
		830584252BA0397C00E55A04 /* HeaderView.swift */ = {isa = PBXFileReference; lastKnownFileType = sourcecode.swift; path = HeaderView.swift; sourceTree = "<group>"; };
		830584272BA0445500E55A04 /* SingleTextSelectionCell.swift */ = {isa = PBXFileReference; lastKnownFileType = sourcecode.swift; path = SingleTextSelectionCell.swift; sourceTree = "<group>"; };
		830584292BA0869300E55A04 /* iOSSwiftUIViewControllerFactoryTest.swift */ = {isa = PBXFileReference; lastKnownFileType = sourcecode.swift; path = iOSSwiftUIViewControllerFactoryTest.swift; sourceTree = "<group>"; };
		8305842B2BA087A500E55A04 /* iOSSwiftUIViewControllerFactory.swift */ = {isa = PBXFileReference; lastKnownFileType = sourcecode.swift; path = iOSSwiftUIViewControllerFactory.swift; sourceTree = "<group>"; };
		830E56962B80ECE100851946 /* CorrectAnswerCell.xib */ = {isa = PBXFileReference; lastKnownFileType = file.xib; path = CorrectAnswerCell.xib; sourceTree = "<group>"; };
		8310FF5A2BA1A746006456FA /* MultipleTextSelectionCell.swift */ = {isa = PBXFileReference; lastKnownFileType = sourcecode.swift; path = MultipleTextSelectionCell.swift; sourceTree = "<group>"; };
		8311EE192B81B7060088339B /* UITableViewExtensions.swift */ = {isa = PBXFileReference; lastKnownFileType = sourcecode.swift; path = UITableViewExtensions.swift; sourceTree = "<group>"; };
		8311EE1B2B81B7600088339B /* PresentableAnswer.swift */ = {isa = PBXFileReference; lastKnownFileType = sourcecode.swift; path = PresentableAnswer.swift; sourceTree = "<group>"; };
		8311EE1D2B81B7930088339B /* CorrectAnswerCell.swift */ = {isa = PBXFileReference; lastKnownFileType = sourcecode.swift; path = CorrectAnswerCell.swift; sourceTree = "<group>"; };
		8311EE1F2B81B7BB0088339B /* WrongAnswerCell.swift */ = {isa = PBXFileReference; lastKnownFileType = sourcecode.swift; path = WrongAnswerCell.swift; sourceTree = "<group>"; };
		8326260F2BA18A6B00C7A324 /* MutipleSelectionStoreTests.swift */ = {isa = PBXFileReference; lastKnownFileType = sourcecode.swift; path = MutipleSelectionStoreTests.swift; sourceTree = "<group>"; };
		832626112BA19D0E00C7A324 /* MutipleSelectionStore.swift */ = {isa = PBXFileReference; lastKnownFileType = sourcecode.swift; path = MutipleSelectionStore.swift; sourceTree = "<group>"; };
		832626132BA1A5CA00C7A324 /* MultipleAnswerQuestion.swift */ = {isa = PBXFileReference; lastKnownFileType = sourcecode.swift; path = MultipleAnswerQuestion.swift; sourceTree = "<group>"; };
		83539FCE2B7B931D000ABF1A /* QuizApp.app */ = {isa = PBXFileReference; explicitFileType = wrapper.application; includeInIndex = 0; path = QuizApp.app; sourceTree = BUILT_PRODUCTS_DIR; };
		83539FD12B7B931D000ABF1A /* AppDelegate.swift */ = {isa = PBXFileReference; lastKnownFileType = sourcecode.swift; path = AppDelegate.swift; sourceTree = "<group>"; };
		83539FD32B7B931D000ABF1A /* SceneDelegate.swift */ = {isa = PBXFileReference; lastKnownFileType = sourcecode.swift; path = SceneDelegate.swift; sourceTree = "<group>"; };
		83539FDA2B7B931E000ABF1A /* Assets.xcassets */ = {isa = PBXFileReference; lastKnownFileType = folder.assetcatalog; path = Assets.xcassets; sourceTree = "<group>"; };
		83539FDD2B7B931E000ABF1A /* Base */ = {isa = PBXFileReference; lastKnownFileType = file.storyboard; name = Base; path = Base.lproj/LaunchScreen.storyboard; sourceTree = "<group>"; };
		83539FDF2B7B931E000ABF1A /* Info.plist */ = {isa = PBXFileReference; lastKnownFileType = text.plist.xml; path = Info.plist; sourceTree = "<group>"; };
		83539FE42B7B931E000ABF1A /* QuizAppTests.xctest */ = {isa = PBXFileReference; explicitFileType = wrapper.cfbundle; includeInIndex = 0; path = QuizAppTests.xctest; sourceTree = BUILT_PRODUCTS_DIR; };
		8353A0012B7B9558000ABF1A /* QuestionViewControllerTest.swift */ = {isa = PBXFileReference; lastKnownFileType = sourcecode.swift; path = QuestionViewControllerTest.swift; sourceTree = "<group>"; };
		8353A0032B7B96C2000ABF1A /* QuestionViewController.swift */ = {isa = PBXFileReference; lastKnownFileType = sourcecode.swift; path = QuestionViewController.swift; sourceTree = "<group>"; };
		8353A0052B7B9712000ABF1A /* QuestionViewController.xib */ = {isa = PBXFileReference; lastKnownFileType = file.xib; path = QuestionViewController.xib; sourceTree = "<group>"; };
		8358D1092B88B21800AA6301 /* ViewControllerFactory.swift */ = {isa = PBXFileReference; lastKnownFileType = sourcecode.swift; path = ViewControllerFactory.swift; sourceTree = "<group>"; };
		8358D10B2B88B45400AA6301 /* iOSUIKitViewControllerFactoryTest.swift */ = {isa = PBXFileReference; lastKnownFileType = sourcecode.swift; path = iOSUIKitViewControllerFactoryTest.swift; sourceTree = "<group>"; };
		8358D10D2B88BAAE00AA6301 /* iOSUIKitViewControllerFactory.swift */ = {isa = PBXFileReference; lastKnownFileType = sourcecode.swift; path = iOSUIKitViewControllerFactory.swift; sourceTree = "<group>"; };
		8358D10F2B89A84A00AA6301 /* ResultPresenterTest.swift */ = {isa = PBXFileReference; lastKnownFileType = sourcecode.swift; path = ResultPresenterTest.swift; sourceTree = "<group>"; };
		8358D1132B89B68E00AA6301 /* ResultsPresenter.swift */ = {isa = PBXFileReference; lastKnownFileType = sourcecode.swift; path = ResultsPresenter.swift; sourceTree = "<group>"; };
		8358D1152B89CD2900AA6301 /* QuestionPresenterTest.swift */ = {isa = PBXFileReference; lastKnownFileType = sourcecode.swift; path = QuestionPresenterTest.swift; sourceTree = "<group>"; };
		8358D1172B89D75D00AA6301 /* QuestionPresenter.swift */ = {isa = PBXFileReference; lastKnownFileType = sourcecode.swift; path = QuestionPresenter.swift; sourceTree = "<group>"; };
		8358DC8C2B7FBD82000848CB /* ResultsViewController.swift */ = {isa = PBXFileReference; lastKnownFileType = sourcecode.swift; path = ResultsViewController.swift; sourceTree = "<group>"; };
		8358DC8D2B7FBD82000848CB /* ResultsViewController.xib */ = {isa = PBXFileReference; lastKnownFileType = file.xib; path = ResultsViewController.xib; sourceTree = "<group>"; };
		8358DC902B7FBDDC000848CB /* ResultsViewControllerTest.swift */ = {isa = PBXFileReference; lastKnownFileType = sourcecode.swift; path = ResultsViewControllerTest.swift; sourceTree = "<group>"; };
		8358DC922B7FE318000848CB /* TableViewHelpers.swift */ = {isa = PBXFileReference; lastKnownFileType = sourcecode.swift; path = TableViewHelpers.swift; sourceTree = "<group>"; };
		83AFE23F2B8103E90025E25C /* WrongAnswerCell.xib */ = {isa = PBXFileReference; lastKnownFileType = file.xib; path = WrongAnswerCell.xib; sourceTree = "<group>"; };
		83DC45262B9B6F0B0067511E /* ScoreTest.swift */ = {isa = PBXFileReference; fileEncoding = 4; lastKnownFileType = sourcecode.swift; path = ScoreTest.swift; sourceTree = "<group>"; };
		83DC45292B9B6FC30067511E /* BasicScore.swift */ = {isa = PBXFileReference; lastKnownFileType = sourcecode.swift; path = BasicScore.swift; sourceTree = "<group>"; };
		83DD2EB12B85EF8400F3B2CB /* QuizEngine.framework */ = {isa = PBXFileReference; explicitFileType = wrapper.framework; path = QuizEngine.framework; sourceTree = BUILT_PRODUCTS_DIR; };
		83DD2EB52B85F05D00F3B2CB /* NavigationControllerRouterTest.swift */ = {isa = PBXFileReference; lastKnownFileType = sourcecode.swift; path = NavigationControllerRouterTest.swift; sourceTree = "<group>"; };
		83DD2EB72B85F1E800F3B2CB /* NavigationControllerRouter.swift */ = {isa = PBXFileReference; lastKnownFileType = sourcecode.swift; path = NavigationControllerRouter.swift; sourceTree = "<group>"; };
/* End PBXFileReference section */

/* Begin PBXFrameworksBuildPhase section */
		83539FCB2B7B931D000ABF1A /* Frameworks */ = {
			isa = PBXFrameworksBuildPhase;
			buildActionMask = 2147483647;
			files = (
				83DD2EB22B85EF8400F3B2CB /* QuizEngine.framework in Frameworks */,
			);
			runOnlyForDeploymentPostprocessing = 0;
		};
		83539FE12B7B931E000ABF1A /* Frameworks */ = {
			isa = PBXFrameworksBuildPhase;
			buildActionMask = 2147483647;
			files = (
			);
			runOnlyForDeploymentPostprocessing = 0;
		};
/* End PBXFrameworksBuildPhase section */

/* Begin PBXGroup section */
		830584212BA00DC200E55A04 /* UIKit */ = {
			isa = PBXGroup;
			children = (
				834C81D32B8B39A500C9E91C /* Helpers */,
				834C81D42B8B39C000C9E91C /* Launch */,
				834C81D12B8B395300C9E91C /* Result */,
				834C81D02B8B393A00C9E91C /* Question */,
			);
			path = UIKit;
			sourceTree = "<group>";
		};
		830584222BA00E0700E55A04 /* SwiftUI */ = {
			isa = PBXGroup;
			children = (
				8319307E2BA2BF5600138A1D /* Helpers */,
				8319307F2BA2BF6200138A1D /* Question */,
			);
			path = SwiftUI;
			sourceTree = "<group>";
		};
		8319307E2BA2BF5600138A1D /* Helpers */ = {
			isa = PBXGroup;
			children = (
				830584252BA0397C00E55A04 /* HeaderView.swift */,
			);
			path = Helpers;
			sourceTree = "<group>";
		};
		8319307F2BA2BF6200138A1D /* Question */ = {
			isa = PBXGroup;
			children = (
				830584232BA00E4400E55A04 /* SingleAnswerQuestion.swift */,
				830584272BA0445500E55A04 /* SingleTextSelectionCell.swift */,
				832626112BA19D0E00C7A324 /* MutipleSelectionStore.swift */,
				832626132BA1A5CA00C7A324 /* MultipleAnswerQuestion.swift */,
				8310FF5A2BA1A746006456FA /* MultipleTextSelectionCell.swift */,
			);
			path = Question;
			sourceTree = "<group>";
		};
		8326260D2BA189EE00C7A324 /* UIKit */ = {
			isa = PBXGroup;
			children = (
				834C81DA2B8B3A9D00C9E91C /* Helpers */,
				834C81DC2B8B3AB600C9E91C /* Question */,
				834C81DD2B8B3AD900C9E91C /* Result */,
			);
			path = UIKit;
			sourceTree = "<group>";
		};
		8326260E2BA18A1600C7A324 /* SwiftUI */ = {
			isa = PBXGroup;
			children = (
				8326260F2BA18A6B00C7A324 /* MutipleSelectionStoreTests.swift */,
			);
			path = SwiftUI;
			sourceTree = "<group>";
		};
		834C81CE2B8B38AD00C9E91C /* Main */ = {
			isa = PBXGroup;
			children = (
				8358D10D2B88BAAE00AA6301 /* iOSUIKitViewControllerFactory.swift */,
				8305842B2BA087A500E55A04 /* iOSSwiftUIViewControllerFactory.swift */,
				83539FD12B7B931D000ABF1A /* AppDelegate.swift */,
				83539FD32B7B931D000ABF1A /* SceneDelegate.swift */,
				83539FDA2B7B931E000ABF1A /* Assets.xcassets */,
			);
			path = Main;
			sourceTree = "<group>";
		};
		834C81CF2B8B38D400C9E91C /* UI */ = {
			isa = PBXGroup;
			children = (
				830584222BA00E0700E55A04 /* SwiftUI */,
				830584212BA00DC200E55A04 /* UIKit */,
			);
			path = UI;
			sourceTree = "<group>";
		};
		834C81D02B8B393A00C9E91C /* Question */ = {
			isa = PBXGroup;
			children = (
				8353A0032B7B96C2000ABF1A /* QuestionViewController.swift */,
				8353A0052B7B9712000ABF1A /* QuestionViewController.xib */,
			);
			path = Question;
			sourceTree = "<group>";
		};
		834C81D12B8B395300C9E91C /* Result */ = {
			isa = PBXGroup;
			children = (
				834C81D22B8B398B00C9E91C /* Cells */,
				8358DC8C2B7FBD82000848CB /* ResultsViewController.swift */,
				8358DC8D2B7FBD82000848CB /* ResultsViewController.xib */,
			);
			path = Result;
			sourceTree = "<group>";
		};
		834C81D22B8B398B00C9E91C /* Cells */ = {
			isa = PBXGroup;
			children = (
				8311EE1D2B81B7930088339B /* CorrectAnswerCell.swift */,
				830E56962B80ECE100851946 /* CorrectAnswerCell.xib */,
				8311EE1F2B81B7BB0088339B /* WrongAnswerCell.swift */,
				83AFE23F2B8103E90025E25C /* WrongAnswerCell.xib */,
			);
			path = Cells;
			sourceTree = "<group>";
		};
		834C81D32B8B39A500C9E91C /* Helpers */ = {
			isa = PBXGroup;
			children = (
				8311EE192B81B7060088339B /* UITableViewExtensions.swift */,
			);
			path = Helpers;
			sourceTree = "<group>";
		};
		834C81D42B8B39C000C9E91C /* Launch */ = {
			isa = PBXGroup;
			children = (
				83539FDC2B7B931E000ABF1A /* LaunchScreen.storyboard */,
			);
			path = Launch;
			sourceTree = "<group>";
		};
		834C81D52B8B39E700C9E91C /* Presentation */ = {
			isa = PBXGroup;
			children = (
				834C81D72B8B3A2400C9E91C /* Result */,
				834C81D62B8B3A1A00C9E91C /* Question */,
			);
			path = Presentation;
			sourceTree = "<group>";
		};
		834C81D62B8B3A1A00C9E91C /* Question */ = {
			isa = PBXGroup;
			children = (
				8358D1172B89D75D00AA6301 /* QuestionPresenter.swift */,
			);
			path = Question;
			sourceTree = "<group>";
		};
		834C81D72B8B3A2400C9E91C /* Result */ = {
			isa = PBXGroup;
			children = (
				8311EE1B2B81B7600088339B /* PresentableAnswer.swift */,
				8358D1132B89B68E00AA6301 /* ResultsPresenter.swift */,
			);
			path = Result;
			sourceTree = "<group>";
		};
		834C81D82B8B3A4000C9E91C /* Routing */ = {
			isa = PBXGroup;
			children = (
				83DD2EB72B85F1E800F3B2CB /* NavigationControllerRouter.swift */,
				8358D1092B88B21800AA6301 /* ViewControllerFactory.swift */,
			);
			path = Routing;
			sourceTree = "<group>";
		};
		834C81D92B8B3A8700C9E91C /* Main */ = {
			isa = PBXGroup;
			children = (
				8358D10B2B88B45400AA6301 /* iOSUIKitViewControllerFactoryTest.swift */,
				830584292BA0869300E55A04 /* iOSSwiftUIViewControllerFactoryTest.swift */,
			);
			path = Main;
			sourceTree = "<group>";
		};
		834C81DA2B8B3A9D00C9E91C /* Helpers */ = {
			isa = PBXGroup;
			children = (
				8358DC922B7FE318000848CB /* TableViewHelpers.swift */,
			);
			path = Helpers;
			sourceTree = "<group>";
		};
		834C81DB2B8B3AAD00C9E91C /* UI */ = {
			isa = PBXGroup;
			children = (
				8326260E2BA18A1600C7A324 /* SwiftUI */,
				8326260D2BA189EE00C7A324 /* UIKit */,
			);
			path = UI;
			sourceTree = "<group>";
		};
		834C81DC2B8B3AB600C9E91C /* Question */ = {
			isa = PBXGroup;
			children = (
				8353A0012B7B9558000ABF1A /* QuestionViewControllerTest.swift */,
			);
			path = Question;
			sourceTree = "<group>";
		};
		834C81DD2B8B3AD900C9E91C /* Result */ = {
			isa = PBXGroup;
			children = (
				8358DC902B7FBDDC000848CB /* ResultsViewControllerTest.swift */,
			);
			path = Result;
			sourceTree = "<group>";
		};
		834C81DE2B8B3AED00C9E91C /* Presentation */ = {
			isa = PBXGroup;
			children = (
				834C81E02B8B3BF000C9E91C /* Question */,
				834C81E12B8B3C0500C9E91C /* Result */,
			);
			path = Presentation;
			sourceTree = "<group>";
		};
		834C81DF2B8B3B3500C9E91C /* Routing */ = {
			isa = PBXGroup;
			children = (
				83DD2EB52B85F05D00F3B2CB /* NavigationControllerRouterTest.swift */,
			);
			path = Routing;
			sourceTree = "<group>";
		};
		834C81E02B8B3BF000C9E91C /* Question */ = {
			isa = PBXGroup;
			children = (
				8358D1152B89CD2900AA6301 /* QuestionPresenterTest.swift */,
			);
			path = Question;
			sourceTree = "<group>";
		};
		834C81E12B8B3C0500C9E91C /* Result */ = {
			isa = PBXGroup;
			children = (
				8358D10F2B89A84A00AA6301 /* ResultPresenterTest.swift */,
			);
			path = Result;
			sourceTree = "<group>";
		};
		83539FC52B7B931C000ABF1A = {
			isa = PBXGroup;
			children = (
				83539FD02B7B931D000ABF1A /* QuizApp */,
				83539FE72B7B931E000ABF1A /* QuizAppTests */,
				83539FCF2B7B931D000ABF1A /* Products */,
				83DD2EB02B85EF8400F3B2CB /* Frameworks */,
			);
			sourceTree = "<group>";
		};
		83539FCF2B7B931D000ABF1A /* Products */ = {
			isa = PBXGroup;
			children = (
				83539FCE2B7B931D000ABF1A /* QuizApp.app */,
				83539FE42B7B931E000ABF1A /* QuizAppTests.xctest */,
			);
			name = Products;
			sourceTree = "<group>";
		};
		83539FD02B7B931D000ABF1A /* QuizApp */ = {
			isa = PBXGroup;
			children = (
				83DC45282B9B6FA30067511E /* Scoring */,
				834C81D82B8B3A4000C9E91C /* Routing */,
				834C81D52B8B39E700C9E91C /* Presentation */,
				834C81CF2B8B38D400C9E91C /* UI */,
				834C81CE2B8B38AD00C9E91C /* Main */,
				83539FDF2B7B931E000ABF1A /* Info.plist */,
			);
			path = QuizApp;
			sourceTree = "<group>";
		};
		83539FE72B7B931E000ABF1A /* QuizAppTests */ = {
			isa = PBXGroup;
			children = (
				83DC45232B9B6EB40067511E /* Scoring */,
				834C81DE2B8B3AED00C9E91C /* Presentation */,
				834C81DF2B8B3B3500C9E91C /* Routing */,
				834C81DB2B8B3AAD00C9E91C /* UI */,
				834C81D92B8B3A8700C9E91C /* Main */,
			);
			path = QuizAppTests;
			sourceTree = "<group>";
		};
		83DC45232B9B6EB40067511E /* Scoring */ = {
			isa = PBXGroup;
			children = (
				83DC45262B9B6F0B0067511E /* ScoreTest.swift */,
			);
			path = Scoring;
			sourceTree = "<group>";
		};
		83DC45282B9B6FA30067511E /* Scoring */ = {
			isa = PBXGroup;
			children = (
				83DC45292B9B6FC30067511E /* BasicScore.swift */,
			);
			path = Scoring;
			sourceTree = "<group>";
		};
		83DD2EB02B85EF8400F3B2CB /* Frameworks */ = {
			isa = PBXGroup;
			children = (
				83DD2EB12B85EF8400F3B2CB /* QuizEngine.framework */,
			);
			name = Frameworks;
			sourceTree = "<group>";
		};
/* End PBXGroup section */

/* Begin PBXNativeTarget section */
		83539FCD2B7B931D000ABF1A /* QuizApp */ = {
			isa = PBXNativeTarget;
			buildConfigurationList = 83539FF82B7B931E000ABF1A /* Build configuration list for PBXNativeTarget "QuizApp" */;
			buildPhases = (
				83539FCA2B7B931D000ABF1A /* Sources */,
				83539FCB2B7B931D000ABF1A /* Frameworks */,
				83539FCC2B7B931D000ABF1A /* Resources */,
				83DD2EB42B85EF8400F3B2CB /* Embed Frameworks */,
			);
			buildRules = (
			);
			dependencies = (
			);
			name = QuizApp;
			productName = QuizApp;
			productReference = 83539FCE2B7B931D000ABF1A /* QuizApp.app */;
			productType = "com.apple.product-type.application";
		};
		83539FE32B7B931E000ABF1A /* QuizAppTests */ = {
			isa = PBXNativeTarget;
			buildConfigurationList = 83539FFB2B7B931E000ABF1A /* Build configuration list for PBXNativeTarget "QuizAppTests" */;
			buildPhases = (
				83539FE02B7B931E000ABF1A /* Sources */,
				83539FE12B7B931E000ABF1A /* Frameworks */,
				83539FE22B7B931E000ABF1A /* Resources */,
			);
			buildRules = (
			);
			dependencies = (
				83539FE62B7B931E000ABF1A /* PBXTargetDependency */,
			);
			name = QuizAppTests;
			productName = QuizAppTests;
			productReference = 83539FE42B7B931E000ABF1A /* QuizAppTests.xctest */;
			productType = "com.apple.product-type.bundle.unit-test";
		};
/* End PBXNativeTarget section */

/* Begin PBXProject section */
		83539FC62B7B931C000ABF1A /* Project object */ = {
			isa = PBXProject;
			attributes = {
				BuildIndependentTargetsInParallel = 1;
				LastSwiftUpdateCheck = 1500;
				LastUpgradeCheck = 1500;
				TargetAttributes = {
					83539FCD2B7B931D000ABF1A = {
						CreatedOnToolsVersion = 15.0;
					};
					83539FE32B7B931E000ABF1A = {
						CreatedOnToolsVersion = 15.0;
						LastSwiftMigration = 1500;
						TestTargetID = 83539FCD2B7B931D000ABF1A;
					};
				};
			};
			buildConfigurationList = 83539FC92B7B931C000ABF1A /* Build configuration list for PBXProject "QuizApp" */;
			compatibilityVersion = "Xcode 14.0";
			developmentRegion = en;
			hasScannedForEncodings = 0;
			knownRegions = (
				en,
				Base,
			);
			mainGroup = 83539FC52B7B931C000ABF1A;
			productRefGroup = 83539FCF2B7B931D000ABF1A /* Products */;
			projectDirPath = "";
			projectRoot = "";
			targets = (
				83539FCD2B7B931D000ABF1A /* QuizApp */,
				83539FE32B7B931E000ABF1A /* QuizAppTests */,
			);
		};
/* End PBXProject section */

/* Begin PBXResourcesBuildPhase section */
		83539FCC2B7B931D000ABF1A /* Resources */ = {
			isa = PBXResourcesBuildPhase;
			buildActionMask = 2147483647;
			files = (
				83539FDE2B7B931E000ABF1A /* LaunchScreen.storyboard in Resources */,
				83AFE2402B8103E90025E25C /* WrongAnswerCell.xib in Resources */,
				83539FDB2B7B931E000ABF1A /* Assets.xcassets in Resources */,
				8353A0062B7B9712000ABF1A /* QuestionViewController.xib in Resources */,
				830E56972B80ECE100851946 /* CorrectAnswerCell.xib in Resources */,
				8358DC8F2B7FBD82000848CB /* ResultsViewController.xib in Resources */,
			);
			runOnlyForDeploymentPostprocessing = 0;
		};
		83539FE22B7B931E000ABF1A /* Resources */ = {
			isa = PBXResourcesBuildPhase;
			buildActionMask = 2147483647;
			files = (
			);
			runOnlyForDeploymentPostprocessing = 0;
		};
/* End PBXResourcesBuildPhase section */

/* Begin PBXSourcesBuildPhase section */
		83539FCA2B7B931D000ABF1A /* Sources */ = {
			isa = PBXSourcesBuildPhase;
			buildActionMask = 2147483647;
			files = (
				830584262BA0397C00E55A04 /* HeaderView.swift in Sources */,
				8311EE1A2B81B7060088339B /* UITableViewExtensions.swift in Sources */,
				83DC452A2B9B6FC30067511E /* BasicScore.swift in Sources */,
				8310FF5B2BA1A747006456FA /* MultipleTextSelectionCell.swift in Sources */,
				832626122BA19D0E00C7A324 /* MutipleSelectionStore.swift in Sources */,
				83539FD22B7B931D000ABF1A /* AppDelegate.swift in Sources */,
				8358D1142B89B68E00AA6301 /* ResultsPresenter.swift in Sources */,
				8311EE1E2B81B7930088339B /* CorrectAnswerCell.swift in Sources */,
				83539FD42B7B931D000ABF1A /* SceneDelegate.swift in Sources */,
				8311EE1C2B81B7600088339B /* PresentableAnswer.swift in Sources */,
				8311EE202B81B7BB0088339B /* WrongAnswerCell.swift in Sources */,
				8358D1182B89D75D00AA6301 /* QuestionPresenter.swift in Sources */,
				8358D10E2B88BAAE00AA6301 /* iOSUIKitViewControllerFactory.swift in Sources */,
				83DD2EB82B85F1E800F3B2CB /* NavigationControllerRouter.swift in Sources */,
				8353A0042B7B96C2000ABF1A /* QuestionViewController.swift in Sources */,
				830584242BA00E4400E55A04 /* SingleAnswerQuestion.swift in Sources */,
				8358DC8E2B7FBD82000848CB /* ResultsViewController.swift in Sources */,
				8305842C2BA087A500E55A04 /* iOSSwiftUIViewControllerFactory.swift in Sources */,
				8358D10A2B88B21800AA6301 /* ViewControllerFactory.swift in Sources */,
				830584282BA0445500E55A04 /* SingleTextSelectionCell.swift in Sources */,
				832626142BA1A5CA00C7A324 /* MultipleAnswerQuestion.swift in Sources */,
			);
			runOnlyForDeploymentPostprocessing = 0;
		};
		83539FE02B7B931E000ABF1A /* Sources */ = {
			isa = PBXSourcesBuildPhase;
			buildActionMask = 2147483647;
			files = (
				8358D1102B89A84A00AA6301 /* ResultPresenterTest.swift in Sources */,
				83DD2EB62B85F05D00F3B2CB /* NavigationControllerRouterTest.swift in Sources */,
				8353A0022B7B9558000ABF1A /* QuestionViewControllerTest.swift in Sources */,
				83DC45272B9B6F0B0067511E /* ScoreTest.swift in Sources */,
				832626102BA18A6B00C7A324 /* MutipleSelectionStoreTests.swift in Sources */,
				8305842A2BA0869300E55A04 /* iOSSwiftUIViewControllerFactoryTest.swift in Sources */,
				8358D1162B89CD2900AA6301 /* QuestionPresenterTest.swift in Sources */,
				8358DC932B7FE318000848CB /* TableViewHelpers.swift in Sources */,
				8358DC912B7FBDDC000848CB /* ResultsViewControllerTest.swift in Sources */,
				8358D10C2B88B45400AA6301 /* iOSUIKitViewControllerFactoryTest.swift in Sources */,
			);
			runOnlyForDeploymentPostprocessing = 0;
		};
/* End PBXSourcesBuildPhase section */

/* Begin PBXTargetDependency section */
		83539FE62B7B931E000ABF1A /* PBXTargetDependency */ = {
			isa = PBXTargetDependency;
			target = 83539FCD2B7B931D000ABF1A /* QuizApp */;
			targetProxy = 83539FE52B7B931E000ABF1A /* PBXContainerItemProxy */;
		};
/* End PBXTargetDependency section */

/* Begin PBXVariantGroup section */
		83539FDC2B7B931E000ABF1A /* LaunchScreen.storyboard */ = {
			isa = PBXVariantGroup;
			children = (
				83539FDD2B7B931E000ABF1A /* Base */,
			);
			name = LaunchScreen.storyboard;
			sourceTree = "<group>";
		};
/* End PBXVariantGroup section */

/* Begin XCBuildConfiguration section */
		83539FF62B7B931E000ABF1A /* Debug */ = {
			isa = XCBuildConfiguration;
			buildSettings = {
				ALWAYS_SEARCH_USER_PATHS = NO;
				ASSETCATALOG_COMPILER_GENERATE_SWIFT_ASSET_SYMBOL_EXTENSIONS = YES;
				CLANG_ANALYZER_NONNULL = YES;
				CLANG_ANALYZER_NUMBER_OBJECT_CONVERSION = YES_AGGRESSIVE;
				CLANG_CXX_LANGUAGE_STANDARD = "gnu++20";
				CLANG_ENABLE_MODULES = YES;
				CLANG_ENABLE_OBJC_ARC = YES;
				CLANG_ENABLE_OBJC_WEAK = YES;
				CLANG_WARN_BLOCK_CAPTURE_AUTORELEASING = YES;
				CLANG_WARN_BOOL_CONVERSION = YES;
				CLANG_WARN_COMMA = YES;
				CLANG_WARN_CONSTANT_CONVERSION = YES;
				CLANG_WARN_DEPRECATED_OBJC_IMPLEMENTATIONS = YES;
				CLANG_WARN_DIRECT_OBJC_ISA_USAGE = YES_ERROR;
				CLANG_WARN_DOCUMENTATION_COMMENTS = YES;
				CLANG_WARN_EMPTY_BODY = YES;
				CLANG_WARN_ENUM_CONVERSION = YES;
				CLANG_WARN_INFINITE_RECURSION = YES;
				CLANG_WARN_INT_CONVERSION = YES;
				CLANG_WARN_NON_LITERAL_NULL_CONVERSION = YES;
				CLANG_WARN_OBJC_IMPLICIT_RETAIN_SELF = YES;
				CLANG_WARN_OBJC_LITERAL_CONVERSION = YES;
				CLANG_WARN_OBJC_ROOT_CLASS = YES_ERROR;
				CLANG_WARN_QUOTED_INCLUDE_IN_FRAMEWORK_HEADER = YES;
				CLANG_WARN_RANGE_LOOP_ANALYSIS = YES;
				CLANG_WARN_STRICT_PROTOTYPES = YES;
				CLANG_WARN_SUSPICIOUS_MOVE = YES;
				CLANG_WARN_UNGUARDED_AVAILABILITY = YES_AGGRESSIVE;
				CLANG_WARN_UNREACHABLE_CODE = YES;
				CLANG_WARN__DUPLICATE_METHOD_MATCH = YES;
				COPY_PHASE_STRIP = NO;
				DEBUG_INFORMATION_FORMAT = dwarf;
				ENABLE_STRICT_OBJC_MSGSEND = YES;
				ENABLE_TESTABILITY = YES;
				ENABLE_USER_SCRIPT_SANDBOXING = YES;
				GCC_C_LANGUAGE_STANDARD = gnu17;
				GCC_DYNAMIC_NO_PIC = NO;
				GCC_NO_COMMON_BLOCKS = YES;
				GCC_OPTIMIZATION_LEVEL = 0;
				GCC_PREPROCESSOR_DEFINITIONS = (
					"DEBUG=1",
					"$(inherited)",
				);
				GCC_WARN_64_TO_32_BIT_CONVERSION = YES;
				GCC_WARN_ABOUT_RETURN_TYPE = YES_ERROR;
				GCC_WARN_UNDECLARED_SELECTOR = YES;
				GCC_WARN_UNINITIALIZED_AUTOS = YES_AGGRESSIVE;
				GCC_WARN_UNUSED_FUNCTION = YES;
				GCC_WARN_UNUSED_VARIABLE = YES;
				INFOPLIST_KEY_UIMainStoryboardFile = "";
				IPHONEOS_DEPLOYMENT_TARGET = 17.0;
				LOCALIZATION_PREFERS_STRING_CATALOGS = YES;
				MTL_ENABLE_DEBUG_INFO = INCLUDE_SOURCE;
				MTL_FAST_MATH = YES;
				ONLY_ACTIVE_ARCH = YES;
				SDKROOT = iphoneos;
				SWIFT_ACTIVE_COMPILATION_CONDITIONS = "DEBUG $(inherited)";
				SWIFT_OPTIMIZATION_LEVEL = "-Onone";
			};
			name = Debug;
		};
		83539FF72B7B931E000ABF1A /* Release */ = {
			isa = XCBuildConfiguration;
			buildSettings = {
				ALWAYS_SEARCH_USER_PATHS = NO;
				ASSETCATALOG_COMPILER_GENERATE_SWIFT_ASSET_SYMBOL_EXTENSIONS = YES;
				CLANG_ANALYZER_NONNULL = YES;
				CLANG_ANALYZER_NUMBER_OBJECT_CONVERSION = YES_AGGRESSIVE;
				CLANG_CXX_LANGUAGE_STANDARD = "gnu++20";
				CLANG_ENABLE_MODULES = YES;
				CLANG_ENABLE_OBJC_ARC = YES;
				CLANG_ENABLE_OBJC_WEAK = YES;
				CLANG_WARN_BLOCK_CAPTURE_AUTORELEASING = YES;
				CLANG_WARN_BOOL_CONVERSION = YES;
				CLANG_WARN_COMMA = YES;
				CLANG_WARN_CONSTANT_CONVERSION = YES;
				CLANG_WARN_DEPRECATED_OBJC_IMPLEMENTATIONS = YES;
				CLANG_WARN_DIRECT_OBJC_ISA_USAGE = YES_ERROR;
				CLANG_WARN_DOCUMENTATION_COMMENTS = YES;
				CLANG_WARN_EMPTY_BODY = YES;
				CLANG_WARN_ENUM_CONVERSION = YES;
				CLANG_WARN_INFINITE_RECURSION = YES;
				CLANG_WARN_INT_CONVERSION = YES;
				CLANG_WARN_NON_LITERAL_NULL_CONVERSION = YES;
				CLANG_WARN_OBJC_IMPLICIT_RETAIN_SELF = YES;
				CLANG_WARN_OBJC_LITERAL_CONVERSION = YES;
				CLANG_WARN_OBJC_ROOT_CLASS = YES_ERROR;
				CLANG_WARN_QUOTED_INCLUDE_IN_FRAMEWORK_HEADER = YES;
				CLANG_WARN_RANGE_LOOP_ANALYSIS = YES;
				CLANG_WARN_STRICT_PROTOTYPES = YES;
				CLANG_WARN_SUSPICIOUS_MOVE = YES;
				CLANG_WARN_UNGUARDED_AVAILABILITY = YES_AGGRESSIVE;
				CLANG_WARN_UNREACHABLE_CODE = YES;
				CLANG_WARN__DUPLICATE_METHOD_MATCH = YES;
				COPY_PHASE_STRIP = NO;
				DEBUG_INFORMATION_FORMAT = "dwarf-with-dsym";
				ENABLE_NS_ASSERTIONS = NO;
				ENABLE_STRICT_OBJC_MSGSEND = YES;
				ENABLE_USER_SCRIPT_SANDBOXING = YES;
				GCC_C_LANGUAGE_STANDARD = gnu17;
				GCC_NO_COMMON_BLOCKS = YES;
				GCC_WARN_64_TO_32_BIT_CONVERSION = YES;
				GCC_WARN_ABOUT_RETURN_TYPE = YES_ERROR;
				GCC_WARN_UNDECLARED_SELECTOR = YES;
				GCC_WARN_UNINITIALIZED_AUTOS = YES_AGGRESSIVE;
				GCC_WARN_UNUSED_FUNCTION = YES;
				GCC_WARN_UNUSED_VARIABLE = YES;
				INFOPLIST_KEY_UIMainStoryboardFile = "";
				IPHONEOS_DEPLOYMENT_TARGET = 17.0;
				LOCALIZATION_PREFERS_STRING_CATALOGS = YES;
				MTL_ENABLE_DEBUG_INFO = NO;
				MTL_FAST_MATH = YES;
				SDKROOT = iphoneos;
				SWIFT_COMPILATION_MODE = wholemodule;
				VALIDATE_PRODUCT = YES;
			};
			name = Release;
		};
		83539FF92B7B931E000ABF1A /* Debug */ = {
			isa = XCBuildConfiguration;
			buildSettings = {
				ASSETCATALOG_COMPILER_APPICON_NAME = AppIcon;
				ASSETCATALOG_COMPILER_GLOBAL_ACCENT_COLOR_NAME = AccentColor;
				CODE_SIGN_STYLE = Automatic;
				CURRENT_PROJECT_VERSION = 1;
				DEVELOPMENT_TEAM = WZB5R9B92Y;
				GENERATE_INFOPLIST_FILE = YES;
				INFOPLIST_FILE = QuizApp/Info.plist;
				INFOPLIST_KEY_UIApplicationSupportsIndirectInputEvents = YES;
				INFOPLIST_KEY_UILaunchStoryboardName = LaunchScreen;
				INFOPLIST_KEY_UIMainStoryboardFile = "";
				INFOPLIST_KEY_UISupportedInterfaceOrientations_iPad = "UIInterfaceOrientationPortrait UIInterfaceOrientationPortraitUpsideDown UIInterfaceOrientationLandscapeLeft UIInterfaceOrientationLandscapeRight";
				INFOPLIST_KEY_UISupportedInterfaceOrientations_iPhone = "UIInterfaceOrientationPortrait UIInterfaceOrientationLandscapeLeft UIInterfaceOrientationLandscapeRight";
				LD_RUNPATH_SEARCH_PATHS = (
					"$(inherited)",
					"@executable_path/Frameworks",
				);
				MARKETING_VERSION = 1.0;
				PRODUCT_BUNDLE_IDENTIFIER = co.id.aminfaruq.QuizApp;
				PRODUCT_NAME = "$(TARGET_NAME)";
				SWIFT_EMIT_LOC_STRINGS = YES;
				SWIFT_VERSION = 5.0;
				TARGETED_DEVICE_FAMILY = "1,2";
			};
			name = Debug;
		};
		83539FFA2B7B931E000ABF1A /* Release */ = {
			isa = XCBuildConfiguration;
			buildSettings = {
				ASSETCATALOG_COMPILER_APPICON_NAME = AppIcon;
				ASSETCATALOG_COMPILER_GLOBAL_ACCENT_COLOR_NAME = AccentColor;
				CODE_SIGN_STYLE = Automatic;
				CURRENT_PROJECT_VERSION = 1;
				DEVELOPMENT_TEAM = WZB5R9B92Y;
				GENERATE_INFOPLIST_FILE = YES;
				INFOPLIST_FILE = QuizApp/Info.plist;
				INFOPLIST_KEY_UIApplicationSupportsIndirectInputEvents = YES;
				INFOPLIST_KEY_UILaunchStoryboardName = LaunchScreen;
				INFOPLIST_KEY_UIMainStoryboardFile = "";
				INFOPLIST_KEY_UISupportedInterfaceOrientations_iPad = "UIInterfaceOrientationPortrait UIInterfaceOrientationPortraitUpsideDown UIInterfaceOrientationLandscapeLeft UIInterfaceOrientationLandscapeRight";
				INFOPLIST_KEY_UISupportedInterfaceOrientations_iPhone = "UIInterfaceOrientationPortrait UIInterfaceOrientationLandscapeLeft UIInterfaceOrientationLandscapeRight";
				LD_RUNPATH_SEARCH_PATHS = (
					"$(inherited)",
					"@executable_path/Frameworks",
				);
				MARKETING_VERSION = 1.0;
				PRODUCT_BUNDLE_IDENTIFIER = co.id.aminfaruq.QuizApp;
				PRODUCT_NAME = "$(TARGET_NAME)";
				SWIFT_EMIT_LOC_STRINGS = YES;
				SWIFT_VERSION = 5.0;
				TARGETED_DEVICE_FAMILY = "1,2";
			};
			name = Release;
		};
		83539FFC2B7B931E000ABF1A /* Debug */ = {
			isa = XCBuildConfiguration;
			buildSettings = {
				ALWAYS_EMBED_SWIFT_STANDARD_LIBRARIES = YES;
				BUNDLE_LOADER = "$(TEST_HOST)";
				CLANG_ENABLE_MODULES = YES;
				CODE_SIGN_STYLE = Automatic;
				CURRENT_PROJECT_VERSION = 1;
				DEVELOPMENT_TEAM = WZB5R9B92Y;
				GENERATE_INFOPLIST_FILE = YES;
				IPHONEOS_DEPLOYMENT_TARGET = 17.0;
				MARKETING_VERSION = 1.0;
				PRODUCT_BUNDLE_IDENTIFIER = co.id.aminfaruq.QuizAppTests;
				PRODUCT_NAME = "$(TARGET_NAME)";
				SWIFT_EMIT_LOC_STRINGS = NO;
				SWIFT_OPTIMIZATION_LEVEL = "-Onone";
				SWIFT_VERSION = 5.0;
				TARGETED_DEVICE_FAMILY = "1,2";
				TEST_HOST = "$(BUILT_PRODUCTS_DIR)/QuizApp.app/$(BUNDLE_EXECUTABLE_FOLDER_PATH)/QuizApp";
			};
			name = Debug;
		};
		83539FFD2B7B931E000ABF1A /* Release */ = {
			isa = XCBuildConfiguration;
			buildSettings = {
				ALWAYS_EMBED_SWIFT_STANDARD_LIBRARIES = YES;
				BUNDLE_LOADER = "$(TEST_HOST)";
				CLANG_ENABLE_MODULES = YES;
				CODE_SIGN_STYLE = Automatic;
				CURRENT_PROJECT_VERSION = 1;
				DEVELOPMENT_TEAM = WZB5R9B92Y;
				GENERATE_INFOPLIST_FILE = YES;
				IPHONEOS_DEPLOYMENT_TARGET = 17.0;
				MARKETING_VERSION = 1.0;
				PRODUCT_BUNDLE_IDENTIFIER = co.id.aminfaruq.QuizAppTests;
				PRODUCT_NAME = "$(TARGET_NAME)";
				SWIFT_EMIT_LOC_STRINGS = NO;
				SWIFT_VERSION = 5.0;
				TARGETED_DEVICE_FAMILY = "1,2";
				TEST_HOST = "$(BUILT_PRODUCTS_DIR)/QuizApp.app/$(BUNDLE_EXECUTABLE_FOLDER_PATH)/QuizApp";
			};
			name = Release;
		};
/* End XCBuildConfiguration section */

/* Begin XCConfigurationList section */
		83539FC92B7B931C000ABF1A /* Build configuration list for PBXProject "QuizApp" */ = {
			isa = XCConfigurationList;
			buildConfigurations = (
				83539FF62B7B931E000ABF1A /* Debug */,
				83539FF72B7B931E000ABF1A /* Release */,
			);
			defaultConfigurationIsVisible = 0;
			defaultConfigurationName = Release;
		};
		83539FF82B7B931E000ABF1A /* Build configuration list for PBXNativeTarget "QuizApp" */ = {
			isa = XCConfigurationList;
			buildConfigurations = (
				83539FF92B7B931E000ABF1A /* Debug */,
				83539FFA2B7B931E000ABF1A /* Release */,
			);
			defaultConfigurationIsVisible = 0;
			defaultConfigurationName = Release;
		};
		83539FFB2B7B931E000ABF1A /* Build configuration list for PBXNativeTarget "QuizAppTests" */ = {
			isa = XCConfigurationList;
			buildConfigurations = (
				83539FFC2B7B931E000ABF1A /* Debug */,
				83539FFD2B7B931E000ABF1A /* Release */,
			);
			defaultConfigurationIsVisible = 0;
			defaultConfigurationName = Release;
		};
/* End XCConfigurationList section */
	};
	rootObject = 83539FC62B7B931C000ABF1A /* Project object */;
}
