// !$*UTF8*$!
{
	archiveVersion = 1;
	classes = {
	};
	objectVersion = 56;
	objects = {

/* Begin PBXBuildFile section */
		830E56972B80ECE100851946 /* CorrectAnswerCell.xib in Resources */ = {isa = PBXBuildFile; fileRef = 830E56962B80ECE100851946 /* CorrectAnswerCell.xib */; };
		8311EE1A2B81B7060088339B /* UITableViewExtensions.swift in Sources */ = {isa = PBXBuildFile; fileRef = 8311EE192B81B7060088339B /* UITableViewExtensions.swift */; };
		8311EE1C2B81B7600088339B /* PresentableAnswer.swift in Sources */ = {isa = PBXBuildFile; fileRef = 8311EE1B2B81B7600088339B /* PresentableAnswer.swift */; };
		8311EE1E2B81B7930088339B /* CorrectAnswerCell.swift in Sources */ = {isa = PBXBuildFile; fileRef = 8311EE1D2B81B7930088339B /* CorrectAnswerCell.swift */; };
		8311EE202B81B7BB0088339B /* WrongAnswerCell.swift in Sources */ = {isa = PBXBuildFile; fileRef = 8311EE1F2B81B7BB0088339B /* WrongAnswerCell.swift */; };
		83539FD22B7B931D000ABF1A /* AppDelegate.swift in Sources */ = {isa = PBXBuildFile; fileRef = 83539FD12B7B931D000ABF1A /* AppDelegate.swift */; };
		83539FD42B7B931D000ABF1A /* SceneDelegate.swift in Sources */ = {isa = PBXBuildFile; fileRef = 83539FD32B7B931D000ABF1A /* SceneDelegate.swift */; };
		83539FDB2B7B931E000ABF1A /* Assets.xcassets in Resources */ = {isa = PBXBuildFile; fileRef = 83539FDA2B7B931E000ABF1A /* Assets.xcassets */; };
		83539FDE2B7B931E000ABF1A /* LaunchScreen.storyboard in Resources */ = {isa = PBXBuildFile; fileRef = 83539FDC2B7B931E000ABF1A /* LaunchScreen.storyboard */; };
		83539FF32B7B931E000ABF1A /* QuizAppUITests.swift in Sources */ = {isa = PBXBuildFile; fileRef = 83539FF22B7B931E000ABF1A /* QuizAppUITests.swift */; };
		83539FF52B7B931E000ABF1A /* QuizAppUITestsLaunchTests.swift in Sources */ = {isa = PBXBuildFile; fileRef = 83539FF42B7B931E000ABF1A /* QuizAppUITestsLaunchTests.swift */; };
		8353A0022B7B9558000ABF1A /* QuestionViewControllerTest.swift in Sources */ = {isa = PBXBuildFile; fileRef = 8353A0012B7B9558000ABF1A /* QuestionViewControllerTest.swift */; };
		8353A0042B7B96C2000ABF1A /* QuestionViewController.swift in Sources */ = {isa = PBXBuildFile; fileRef = 8353A0032B7B96C2000ABF1A /* QuestionViewController.swift */; };
		8353A0062B7B9712000ABF1A /* QuestionViewController.xib in Resources */ = {isa = PBXBuildFile; fileRef = 8353A0052B7B9712000ABF1A /* QuestionViewController.xib */; };
		8358DC8E2B7FBD82000848CB /* ResultsViewController.swift in Sources */ = {isa = PBXBuildFile; fileRef = 8358DC8C2B7FBD82000848CB /* ResultsViewController.swift */; };
		8358DC8F2B7FBD82000848CB /* ResultsViewController.xib in Resources */ = {isa = PBXBuildFile; fileRef = 8358DC8D2B7FBD82000848CB /* ResultsViewController.xib */; };
		8358DC912B7FBDDC000848CB /* ResultsViewControllerTest.swift in Sources */ = {isa = PBXBuildFile; fileRef = 8358DC902B7FBDDC000848CB /* ResultsViewControllerTest.swift */; };
		8358DC932B7FE318000848CB /* TableViewHelpers.swift in Sources */ = {isa = PBXBuildFile; fileRef = 8358DC922B7FE318000848CB /* TableViewHelpers.swift */; };
		83AFE2402B8103E90025E25C /* WrongAnswerCell.xib in Resources */ = {isa = PBXBuildFile; fileRef = 83AFE23F2B8103E90025E25C /* WrongAnswerCell.xib */; };
/* End PBXBuildFile section */

/* Begin PBXContainerItemProxy section */
		83539FE52B7B931E000ABF1A /* PBXContainerItemProxy */ = {
			isa = PBXContainerItemProxy;
			containerPortal = 83539FC62B7B931C000ABF1A /* Project object */;
			proxyType = 1;
			remoteGlobalIDString = 83539FCD2B7B931D000ABF1A;
			remoteInfo = QuizApp;
		};
		83539FEF2B7B931E000ABF1A /* PBXContainerItemProxy */ = {
			isa = PBXContainerItemProxy;
			containerPortal = 83539FC62B7B931C000ABF1A /* Project object */;
			proxyType = 1;
			remoteGlobalIDString = 83539FCD2B7B931D000ABF1A;
			remoteInfo = QuizApp;
		};
/* End PBXContainerItemProxy section */

/* Begin PBXFileReference section */
		830E56962B80ECE100851946 /* CorrectAnswerCell.xib */ = {isa = PBXFileReference; lastKnownFileType = file.xib; path = CorrectAnswerCell.xib; sourceTree = "<group>"; };
		8311EE192B81B7060088339B /* UITableViewExtensions.swift */ = {isa = PBXFileReference; lastKnownFileType = sourcecode.swift; path = UITableViewExtensions.swift; sourceTree = "<group>"; };
		8311EE1B2B81B7600088339B /* PresentableAnswer.swift */ = {isa = PBXFileReference; lastKnownFileType = sourcecode.swift; path = PresentableAnswer.swift; sourceTree = "<group>"; };
		8311EE1D2B81B7930088339B /* CorrectAnswerCell.swift */ = {isa = PBXFileReference; lastKnownFileType = sourcecode.swift; path = CorrectAnswerCell.swift; sourceTree = "<group>"; };
		8311EE1F2B81B7BB0088339B /* WrongAnswerCell.swift */ = {isa = PBXFileReference; lastKnownFileType = sourcecode.swift; path = WrongAnswerCell.swift; sourceTree = "<group>"; };
		83539FCE2B7B931D000ABF1A /* QuizApp.app */ = {isa = PBXFileReference; explicitFileType = wrapper.application; includeInIndex = 0; path = QuizApp.app; sourceTree = BUILT_PRODUCTS_DIR; };
		83539FD12B7B931D000ABF1A /* AppDelegate.swift */ = {isa = PBXFileReference; lastKnownFileType = sourcecode.swift; path = AppDelegate.swift; sourceTree = "<group>"; };
		83539FD32B7B931D000ABF1A /* SceneDelegate.swift */ = {isa = PBXFileReference; lastKnownFileType = sourcecode.swift; path = SceneDelegate.swift; sourceTree = "<group>"; };
		83539FDA2B7B931E000ABF1A /* Assets.xcassets */ = {isa = PBXFileReference; lastKnownFileType = folder.assetcatalog; path = Assets.xcassets; sourceTree = "<group>"; };
		83539FDD2B7B931E000ABF1A /* Base */ = {isa = PBXFileReference; lastKnownFileType = file.storyboard; name = Base; path = Base.lproj/LaunchScreen.storyboard; sourceTree = "<group>"; };
		83539FDF2B7B931E000ABF1A /* Info.plist */ = {isa = PBXFileReference; lastKnownFileType = text.plist.xml; path = Info.plist; sourceTree = "<group>"; };
		83539FE42B7B931E000ABF1A /* QuizAppTests.xctest */ = {isa = PBXFileReference; explicitFileType = wrapper.cfbundle; includeInIndex = 0; path = QuizAppTests.xctest; sourceTree = BUILT_PRODUCTS_DIR; };
		83539FEE2B7B931E000ABF1A /* QuizAppUITests.xctest */ = {isa = PBXFileReference; explicitFileType = wrapper.cfbundle; includeInIndex = 0; path = QuizAppUITests.xctest; sourceTree = BUILT_PRODUCTS_DIR; };
		83539FF22B7B931E000ABF1A /* QuizAppUITests.swift */ = {isa = PBXFileReference; lastKnownFileType = sourcecode.swift; path = QuizAppUITests.swift; sourceTree = "<group>"; };
		83539FF42B7B931E000ABF1A /* QuizAppUITestsLaunchTests.swift */ = {isa = PBXFileReference; lastKnownFileType = sourcecode.swift; path = QuizAppUITestsLaunchTests.swift; sourceTree = "<group>"; };
		8353A0012B7B9558000ABF1A /* QuestionViewControllerTest.swift */ = {isa = PBXFileReference; lastKnownFileType = sourcecode.swift; path = QuestionViewControllerTest.swift; sourceTree = "<group>"; };
		8353A0032B7B96C2000ABF1A /* QuestionViewController.swift */ = {isa = PBXFileReference; lastKnownFileType = sourcecode.swift; path = QuestionViewController.swift; sourceTree = "<group>"; };
		8353A0052B7B9712000ABF1A /* QuestionViewController.xib */ = {isa = PBXFileReference; lastKnownFileType = file.xib; path = QuestionViewController.xib; sourceTree = "<group>"; };
		8358DC8C2B7FBD82000848CB /* ResultsViewController.swift */ = {isa = PBXFileReference; lastKnownFileType = sourcecode.swift; path = ResultsViewController.swift; sourceTree = "<group>"; };
		8358DC8D2B7FBD82000848CB /* ResultsViewController.xib */ = {isa = PBXFileReference; lastKnownFileType = file.xib; path = ResultsViewController.xib; sourceTree = "<group>"; };
		8358DC902B7FBDDC000848CB /* ResultsViewControllerTest.swift */ = {isa = PBXFileReference; lastKnownFileType = sourcecode.swift; path = ResultsViewControllerTest.swift; sourceTree = "<group>"; };
		8358DC922B7FE318000848CB /* TableViewHelpers.swift */ = {isa = PBXFileReference; lastKnownFileType = sourcecode.swift; path = TableViewHelpers.swift; sourceTree = "<group>"; };
		83AFE23F2B8103E90025E25C /* WrongAnswerCell.xib */ = {isa = PBXFileReference; lastKnownFileType = file.xib; path = WrongAnswerCell.xib; sourceTree = "<group>"; };
/* End PBXFileReference section */

/* Begin PBXFrameworksBuildPhase section */
		83539FCB2B7B931D000ABF1A /* Frameworks */ = {
			isa = PBXFrameworksBuildPhase;
			buildActionMask = 2147483647;
			files = (
			);
			runOnlyForDeploymentPostprocessing = 0;
		};
		83539FE12B7B931E000ABF1A /* Frameworks */ = {
			isa = PBXFrameworksBuildPhase;
			buildActionMask = 2147483647;
			files = (
			);
			runOnlyForDeploymentPostprocessing = 0;
		};
		83539FEB2B7B931E000ABF1A /* Frameworks */ = {
			isa = PBXFrameworksBuildPhase;
			buildActionMask = 2147483647;
			files = (
			);
			runOnlyForDeploymentPostprocessing = 0;
		};
/* End PBXFrameworksBuildPhase section */

/* Begin PBXGroup section */
		83539FC52B7B931C000ABF1A = {
			isa = PBXGroup;
			children = (
				83539FD02B7B931D000ABF1A /* QuizApp */,
				83539FE72B7B931E000ABF1A /* QuizAppTests */,
				83539FF12B7B931E000ABF1A /* QuizAppUITests */,
				83539FCF2B7B931D000ABF1A /* Products */,
			);
			sourceTree = "<group>";
		};
		83539FCF2B7B931D000ABF1A /* Products */ = {
			isa = PBXGroup;
			children = (
				83539FCE2B7B931D000ABF1A /* QuizApp.app */,
				83539FE42B7B931E000ABF1A /* QuizAppTests.xctest */,
				83539FEE2B7B931E000ABF1A /* QuizAppUITests.xctest */,
			);
			name = Products;
			sourceTree = "<group>";
		};
		83539FD02B7B931D000ABF1A /* QuizApp */ = {
			isa = PBXGroup;
			children = (
				83539FD12B7B931D000ABF1A /* AppDelegate.swift */,
				83539FD32B7B931D000ABF1A /* SceneDelegate.swift */,
				83539FDA2B7B931E000ABF1A /* Assets.xcassets */,
				83539FDC2B7B931E000ABF1A /* LaunchScreen.storyboard */,
				83539FDF2B7B931E000ABF1A /* Info.plist */,
				8311EE1B2B81B7600088339B /* PresentableAnswer.swift */,
				8311EE1D2B81B7930088339B /* CorrectAnswerCell.swift */,
				830E56962B80ECE100851946 /* CorrectAnswerCell.xib */,
				8311EE1F2B81B7BB0088339B /* WrongAnswerCell.swift */,
				83AFE23F2B8103E90025E25C /* WrongAnswerCell.xib */,
				8358DC8C2B7FBD82000848CB /* ResultsViewController.swift */,
				8358DC8D2B7FBD82000848CB /* ResultsViewController.xib */,
				8311EE192B81B7060088339B /* UITableViewExtensions.swift */,
				8353A0032B7B96C2000ABF1A /* QuestionViewController.swift */,
				8353A0052B7B9712000ABF1A /* QuestionViewController.xib */,
			);
			path = QuizApp;
			sourceTree = "<group>";
		};
		83539FE72B7B931E000ABF1A /* QuizAppTests */ = {
			isa = PBXGroup;
			children = (
				8353A0012B7B9558000ABF1A /* QuestionViewControllerTest.swift */,
				8358DC902B7FBDDC000848CB /* ResultsViewControllerTest.swift */,
				8358DC922B7FE318000848CB /* TableViewHelpers.swift */,
			);
			path = QuizAppTests;
			sourceTree = "<group>";
		};
		83539FF12B7B931E000ABF1A /* QuizAppUITests */ = {
			isa = PBXGroup;
			children = (
				83539FF22B7B931E000ABF1A /* QuizAppUITests.swift */,
				83539FF42B7B931E000ABF1A /* QuizAppUITestsLaunchTests.swift */,
			);
			path = QuizAppUITests;
			sourceTree = "<group>";
		};
/* End PBXGroup section */

/* Begin PBXNativeTarget section */
		83539FCD2B7B931D000ABF1A /* QuizApp */ = {
			isa = PBXNativeTarget;
			buildConfigurationList = 83539FF82B7B931E000ABF1A /* Build configuration list for PBXNativeTarget "QuizApp" */;
			buildPhases = (
				83539FCA2B7B931D000ABF1A /* Sources */,
				83539FCB2B7B931D000ABF1A /* Frameworks */,
				83539FCC2B7B931D000ABF1A /* Resources */,
			);
			buildRules = (
			);
			dependencies = (
			);
			name = QuizApp;
			productName = QuizApp;
			productReference = 83539FCE2B7B931D000ABF1A /* QuizApp.app */;
			productType = "com.apple.product-type.application";
		};
		83539FE32B7B931E000ABF1A /* QuizAppTests */ = {
			isa = PBXNativeTarget;
			buildConfigurationList = 83539FFB2B7B931E000ABF1A /* Build configuration list for PBXNativeTarget "QuizAppTests" */;
			buildPhases = (
				83539FE02B7B931E000ABF1A /* Sources */,
				83539FE12B7B931E000ABF1A /* Frameworks */,
				83539FE22B7B931E000ABF1A /* Resources */,
			);
			buildRules = (
			);
			dependencies = (
				83539FE62B7B931E000ABF1A /* PBXTargetDependency */,
			);
			name = QuizAppTests;
			productName = QuizAppTests;
			productReference = 83539FE42B7B931E000ABF1A /* QuizAppTests.xctest */;
			productType = "com.apple.product-type.bundle.unit-test";
		};
		83539FED2B7B931E000ABF1A /* QuizAppUITests */ = {
			isa = PBXNativeTarget;
			buildConfigurationList = 83539FFE2B7B931E000ABF1A /* Build configuration list for PBXNativeTarget "QuizAppUITests" */;
			buildPhases = (
				83539FEA2B7B931E000ABF1A /* Sources */,
				83539FEB2B7B931E000ABF1A /* Frameworks */,
				83539FEC2B7B931E000ABF1A /* Resources */,
			);
			buildRules = (
			);
			dependencies = (
				83539FF02B7B931E000ABF1A /* PBXTargetDependency */,
			);
			name = QuizAppUITests;
			productName = QuizAppUITests;
			productReference = 83539FEE2B7B931E000ABF1A /* QuizAppUITests.xctest */;
			productType = "com.apple.product-type.bundle.ui-testing";
		};
/* End PBXNativeTarget section */

/* Begin PBXProject section */
		83539FC62B7B931C000ABF1A /* Project object */ = {
			isa = PBXProject;
			attributes = {
				BuildIndependentTargetsInParallel = 1;
				LastSwiftUpdateCheck = 1500;
				LastUpgradeCheck = 1500;
				TargetAttributes = {
					83539FCD2B7B931D000ABF1A = {
						CreatedOnToolsVersion = 15.0;
					};
					83539FE32B7B931E000ABF1A = {
						CreatedOnToolsVersion = 15.0;
						LastSwiftMigration = 1500;
						TestTargetID = 83539FCD2B7B931D000ABF1A;
					};
					83539FED2B7B931E000ABF1A = {
						CreatedOnToolsVersion = 15.0;
						TestTargetID = 83539FCD2B7B931D000ABF1A;
					};
				};
			};
			buildConfigurationList = 83539FC92B7B931C000ABF1A /* Build configuration list for PBXProject "QuizApp" */;
			compatibilityVersion = "Xcode 14.0";
			developmentRegion = en;
			hasScannedForEncodings = 0;
			knownRegions = (
				en,
				Base,
			);
			mainGroup = 83539FC52B7B931C000ABF1A;
			productRefGroup = 83539FCF2B7B931D000ABF1A /* Products */;
			projectDirPath = "";
			projectRoot = "";
			targets = (
				83539FCD2B7B931D000ABF1A /* QuizApp */,
				83539FE32B7B931E000ABF1A /* QuizAppTests */,
				83539FED2B7B931E000ABF1A /* QuizAppUITests */,
			);
		};
/* End PBXProject section */

/* Begin PBXResourcesBuildPhase section */
		83539FCC2B7B931D000ABF1A /* Resources */ = {
			isa = PBXResourcesBuildPhase;
			buildActionMask = 2147483647;
			files = (
				83539FDE2B7B931E000ABF1A /* LaunchScreen.storyboard in Resources */,
				83AFE2402B8103E90025E25C /* WrongAnswerCell.xib in Resources */,
				83539FDB2B7B931E000ABF1A /* Assets.xcassets in Resources */,
				8353A0062B7B9712000ABF1A /* QuestionViewController.xib in Resources */,
				830E56972B80ECE100851946 /* CorrectAnswerCell.xib in Resources */,
				8358DC8F2B7FBD82000848CB /* ResultsViewController.xib in Resources */,
			);
			runOnlyForDeploymentPostprocessing = 0;
		};
		83539FE22B7B931E000ABF1A /* Resources */ = {
			isa = PBXResourcesBuildPhase;
			buildActionMask = 2147483647;
			files = (
			);
			runOnlyForDeploymentPostprocessing = 0;
		};
		83539FEC2B7B931E000ABF1A /* Resources */ = {
			isa = PBXResourcesBuildPhase;
			buildActionMask = 2147483647;
			files = (
			);
			runOnlyForDeploymentPostprocessing = 0;
		};
/* End PBXResourcesBuildPhase section */

/* Begin PBXSourcesBuildPhase section */
		83539FCA2B7B931D000ABF1A /* Sources */ = {
			isa = PBXSourcesBuildPhase;
			buildActionMask = 2147483647;
			files = (
				8311EE1A2B81B7060088339B /* UITableViewExtensions.swift in Sources */,
				83539FD22B7B931D000ABF1A /* AppDelegate.swift in Sources */,
				8311EE1E2B81B7930088339B /* CorrectAnswerCell.swift in Sources */,
				83539FD42B7B931D000ABF1A /* SceneDelegate.swift in Sources */,
				8311EE1C2B81B7600088339B /* PresentableAnswer.swift in Sources */,
				8311EE202B81B7BB0088339B /* WrongAnswerCell.swift in Sources */,
				8353A0042B7B96C2000ABF1A /* QuestionViewController.swift in Sources */,
				8358DC8E2B7FBD82000848CB /* ResultsViewController.swift in Sources */,
			);
			runOnlyForDeploymentPostprocessing = 0;
		};
		83539FE02B7B931E000ABF1A /* Sources */ = {
			isa = PBXSourcesBuildPhase;
			buildActionMask = 2147483647;
			files = (
				8353A0022B7B9558000ABF1A /* QuestionViewControllerTest.swift in Sources */,
				8358DC932B7FE318000848CB /* TableViewHelpers.swift in Sources */,
				8358DC912B7FBDDC000848CB /* ResultsViewControllerTest.swift in Sources */,
			);
			runOnlyForDeploymentPostprocessing = 0;
		};
		83539FEA2B7B931E000ABF1A /* Sources */ = {
			isa = PBXSourcesBuildPhase;
			buildActionMask = 2147483647;
			files = (
				83539FF32B7B931E000ABF1A /* QuizAppUITests.swift in Sources */,
				83539FF52B7B931E000ABF1A /* QuizAppUITestsLaunchTests.swift in Sources */,
			);
			runOnlyForDeploymentPostprocessing = 0;
		};
/* End PBXSourcesBuildPhase section */

/* Begin PBXTargetDependency section */
		83539FE62B7B931E000ABF1A /* PBXTargetDependency */ = {
			isa = PBXTargetDependency;
			target = 83539FCD2B7B931D000ABF1A /* QuizApp */;
			targetProxy = 83539FE52B7B931E000ABF1A /* PBXContainerItemProxy */;
		};
		83539FF02B7B931E000ABF1A /* PBXTargetDependency */ = {
			isa = PBXTargetDependency;
			target = 83539FCD2B7B931D000ABF1A /* QuizApp */;
			targetProxy = 83539FEF2B7B931E000ABF1A /* PBXContainerItemProxy */;
		};
/* End PBXTargetDependency section */

/* Begin PBXVariantGroup section */
		83539FDC2B7B931E000ABF1A /* LaunchScreen.storyboard */ = {
			isa = PBXVariantGroup;
			children = (
				83539FDD2B7B931E000ABF1A /* Base */,
			);
			name = LaunchScreen.storyboard;
			sourceTree = "<group>";
		};
/* End PBXVariantGroup section */

/* Begin XCBuildConfiguration section */
		83539FF62B7B931E000ABF1A /* Debug */ = {
			isa = XCBuildConfiguration;
			buildSettings = {
				ALWAYS_SEARCH_USER_PATHS = NO;
				ASSETCATALOG_COMPILER_GENERATE_SWIFT_ASSET_SYMBOL_EXTENSIONS = YES;
				CLANG_ANALYZER_NONNULL = YES;
				CLANG_ANALYZER_NUMBER_OBJECT_CONVERSION = YES_AGGRESSIVE;
				CLANG_CXX_LANGUAGE_STANDARD = "gnu++20";
				CLANG_ENABLE_MODULES = YES;
				CLANG_ENABLE_OBJC_ARC = YES;
				CLANG_ENABLE_OBJC_WEAK = YES;
				CLANG_WARN_BLOCK_CAPTURE_AUTORELEASING = YES;
				CLANG_WARN_BOOL_CONVERSION = YES;
				CLANG_WARN_COMMA = YES;
				CLANG_WARN_CONSTANT_CONVERSION = YES;
				CLANG_WARN_DEPRECATED_OBJC_IMPLEMENTATIONS = YES;
				CLANG_WARN_DIRECT_OBJC_ISA_USAGE = YES_ERROR;
				CLANG_WARN_DOCUMENTATION_COMMENTS = YES;
				CLANG_WARN_EMPTY_BODY = YES;
				CLANG_WARN_ENUM_CONVERSION = YES;
				CLANG_WARN_INFINITE_RECURSION = YES;
				CLANG_WARN_INT_CONVERSION = YES;
				CLANG_WARN_NON_LITERAL_NULL_CONVERSION = YES;
				CLANG_WARN_OBJC_IMPLICIT_RETAIN_SELF = YES;
				CLANG_WARN_OBJC_LITERAL_CONVERSION = YES;
				CLANG_WARN_OBJC_ROOT_CLASS = YES_ERROR;
				CLANG_WARN_QUOTED_INCLUDE_IN_FRAMEWORK_HEADER = YES;
				CLANG_WARN_RANGE_LOOP_ANALYSIS = YES;
				CLANG_WARN_STRICT_PROTOTYPES = YES;
				CLANG_WARN_SUSPICIOUS_MOVE = YES;
				CLANG_WARN_UNGUARDED_AVAILABILITY = YES_AGGRESSIVE;
				CLANG_WARN_UNREACHABLE_CODE = YES;
				CLANG_WARN__DUPLICATE_METHOD_MATCH = YES;
				COPY_PHASE_STRIP = NO;
				DEBUG_INFORMATION_FORMAT = dwarf;
				ENABLE_STRICT_OBJC_MSGSEND = YES;
				ENABLE_TESTABILITY = YES;
				ENABLE_USER_SCRIPT_SANDBOXING = YES;
				GCC_C_LANGUAGE_STANDARD = gnu17;
				GCC_DYNAMIC_NO_PIC = NO;
				GCC_NO_COMMON_BLOCKS = YES;
				GCC_OPTIMIZATION_LEVEL = 0;
				GCC_PREPROCESSOR_DEFINITIONS = (
					"DEBUG=1",
					"$(inherited)",
				);
				GCC_WARN_64_TO_32_BIT_CONVERSION = YES;
				GCC_WARN_ABOUT_RETURN_TYPE = YES_ERROR;
				GCC_WARN_UNDECLARED_SELECTOR = YES;
				GCC_WARN_UNINITIALIZED_AUTOS = YES_AGGRESSIVE;
				GCC_WARN_UNUSED_FUNCTION = YES;
				GCC_WARN_UNUSED_VARIABLE = YES;
				INFOPLIST_KEY_UIMainStoryboardFile = "";
				IPHONEOS_DEPLOYMENT_TARGET = 17.0;
				LOCALIZATION_PREFERS_STRING_CATALOGS = YES;
				MTL_ENABLE_DEBUG_INFO = INCLUDE_SOURCE;
				MTL_FAST_MATH = YES;
				ONLY_ACTIVE_ARCH = YES;
				SDKROOT = iphoneos;
				SWIFT_ACTIVE_COMPILATION_CONDITIONS = "DEBUG $(inherited)";
				SWIFT_OPTIMIZATION_LEVEL = "-Onone";
			};
			name = Debug;
		};
		83539FF72B7B931E000ABF1A /* Release */ = {
			isa = XCBuildConfiguration;
			buildSettings = {
				ALWAYS_SEARCH_USER_PATHS = NO;
				ASSETCATALOG_COMPILER_GENERATE_SWIFT_ASSET_SYMBOL_EXTENSIONS = YES;
				CLANG_ANALYZER_NONNULL = YES;
				CLANG_ANALYZER_NUMBER_OBJECT_CONVERSION = YES_AGGRESSIVE;
				CLANG_CXX_LANGUAGE_STANDARD = "gnu++20";
				CLANG_ENABLE_MODULES = YES;
				CLANG_ENABLE_OBJC_ARC = YES;
				CLANG_ENABLE_OBJC_WEAK = YES;
				CLANG_WARN_BLOCK_CAPTURE_AUTORELEASING = YES;
				CLANG_WARN_BOOL_CONVERSION = YES;
				CLANG_WARN_COMMA = YES;
				CLANG_WARN_CONSTANT_CONVERSION = YES;
				CLANG_WARN_DEPRECATED_OBJC_IMPLEMENTATIONS = YES;
				CLANG_WARN_DIRECT_OBJC_ISA_USAGE = YES_ERROR;
				CLANG_WARN_DOCUMENTATION_COMMENTS = YES;
				CLANG_WARN_EMPTY_BODY = YES;
				CLANG_WARN_ENUM_CONVERSION = YES;
				CLANG_WARN_INFINITE_RECURSION = YES;
				CLANG_WARN_INT_CONVERSION = YES;
				CLANG_WARN_NON_LITERAL_NULL_CONVERSION = YES;
				CLANG_WARN_OBJC_IMPLICIT_RETAIN_SELF = YES;
				CLANG_WARN_OBJC_LITERAL_CONVERSION = YES;
				CLANG_WARN_OBJC_ROOT_CLASS = YES_ERROR;
				CLANG_WARN_QUOTED_INCLUDE_IN_FRAMEWORK_HEADER = YES;
				CLANG_WARN_RANGE_LOOP_ANALYSIS = YES;
				CLANG_WARN_STRICT_PROTOTYPES = YES;
				CLANG_WARN_SUSPICIOUS_MOVE = YES;
				CLANG_WARN_UNGUARDED_AVAILABILITY = YES_AGGRESSIVE;
				CLANG_WARN_UNREACHABLE_CODE = YES;
				CLANG_WARN__DUPLICATE_METHOD_MATCH = YES;
				COPY_PHASE_STRIP = NO;
				DEBUG_INFORMATION_FORMAT = "dwarf-with-dsym";
				ENABLE_NS_ASSERTIONS = NO;
				ENABLE_STRICT_OBJC_MSGSEND = YES;
				ENABLE_USER_SCRIPT_SANDBOXING = YES;
				GCC_C_LANGUAGE_STANDARD = gnu17;
				GCC_NO_COMMON_BLOCKS = YES;
				GCC_WARN_64_TO_32_BIT_CONVERSION = YES;
				GCC_WARN_ABOUT_RETURN_TYPE = YES_ERROR;
				GCC_WARN_UNDECLARED_SELECTOR = YES;
				GCC_WARN_UNINITIALIZED_AUTOS = YES_AGGRESSIVE;
				GCC_WARN_UNUSED_FUNCTION = YES;
				GCC_WARN_UNUSED_VARIABLE = YES;
				INFOPLIST_KEY_UIMainStoryboardFile = "";
				IPHONEOS_DEPLOYMENT_TARGET = 17.0;
				LOCALIZATION_PREFERS_STRING_CATALOGS = YES;
				MTL_ENABLE_DEBUG_INFO = NO;
				MTL_FAST_MATH = YES;
				SDKROOT = iphoneos;
				SWIFT_COMPILATION_MODE = wholemodule;
				VALIDATE_PRODUCT = YES;
			};
			name = Release;
		};
		83539FF92B7B931E000ABF1A /* Debug */ = {
			isa = XCBuildConfiguration;
			buildSettings = {
				ASSETCATALOG_COMPILER_APPICON_NAME = AppIcon;
				ASSETCATALOG_COMPILER_GLOBAL_ACCENT_COLOR_NAME = AccentColor;
				CODE_SIGN_STYLE = Automatic;
				CURRENT_PROJECT_VERSION = 1;
				DEVELOPMENT_TEAM = WZB5R9B92Y;
				GENERATE_INFOPLIST_FILE = YES;
				INFOPLIST_FILE = QuizApp/Info.plist;
				INFOPLIST_KEY_UIApplicationSupportsIndirectInputEvents = YES;
				INFOPLIST_KEY_UILaunchStoryboardName = LaunchScreen;
				INFOPLIST_KEY_UIMainStoryboardFile = "";
				INFOPLIST_KEY_UISupportedInterfaceOrientations_iPad = "UIInterfaceOrientationPortrait UIInterfaceOrientationPortraitUpsideDown UIInterfaceOrientationLandscapeLeft UIInterfaceOrientationLandscapeRight";
				INFOPLIST_KEY_UISupportedInterfaceOrientations_iPhone = "UIInterfaceOrientationPortrait UIInterfaceOrientationLandscapeLeft UIInterfaceOrientationLandscapeRight";
				LD_RUNPATH_SEARCH_PATHS = (
					"$(inherited)",
					"@executable_path/Frameworks",
				);
				MARKETING_VERSION = 1.0;
				PRODUCT_BUNDLE_IDENTIFIER = co.id.aminfaruq.QuizApp;
				PRODUCT_NAME = "$(TARGET_NAME)";
				SWIFT_EMIT_LOC_STRINGS = YES;
				SWIFT_VERSION = 5.0;
				TARGETED_DEVICE_FAMILY = "1,2";
			};
			name = Debug;
		};
		83539FFA2B7B931E000ABF1A /* Release */ = {
			isa = XCBuildConfiguration;
			buildSettings = {
				ASSETCATALOG_COMPILER_APPICON_NAME = AppIcon;
				ASSETCATALOG_COMPILER_GLOBAL_ACCENT_COLOR_NAME = AccentColor;
				CODE_SIGN_STYLE = Automatic;
				CURRENT_PROJECT_VERSION = 1;
				DEVELOPMENT_TEAM = WZB5R9B92Y;
				GENERATE_INFOPLIST_FILE = YES;
				INFOPLIST_FILE = QuizApp/Info.plist;
				INFOPLIST_KEY_UIApplicationSupportsIndirectInputEvents = YES;
				INFOPLIST_KEY_UILaunchStoryboardName = LaunchScreen;
				INFOPLIST_KEY_UIMainStoryboardFile = "";
				INFOPLIST_KEY_UISupportedInterfaceOrientations_iPad = "UIInterfaceOrientationPortrait UIInterfaceOrientationPortraitUpsideDown UIInterfaceOrientationLandscapeLeft UIInterfaceOrientationLandscapeRight";
				INFOPLIST_KEY_UISupportedInterfaceOrientations_iPhone = "UIInterfaceOrientationPortrait UIInterfaceOrientationLandscapeLeft UIInterfaceOrientationLandscapeRight";
				LD_RUNPATH_SEARCH_PATHS = (
					"$(inherited)",
					"@executable_path/Frameworks",
				);
				MARKETING_VERSION = 1.0;
				PRODUCT_BUNDLE_IDENTIFIER = co.id.aminfaruq.QuizApp;
				PRODUCT_NAME = "$(TARGET_NAME)";
				SWIFT_EMIT_LOC_STRINGS = YES;
				SWIFT_VERSION = 5.0;
				TARGETED_DEVICE_FAMILY = "1,2";
			};
			name = Release;
		};
		83539FFC2B7B931E000ABF1A /* Debug */ = {
			isa = XCBuildConfiguration;
			buildSettings = {
				ALWAYS_EMBED_SWIFT_STANDARD_LIBRARIES = YES;
				BUNDLE_LOADER = "$(TEST_HOST)";
				CLANG_ENABLE_MODULES = YES;
				CODE_SIGN_STYLE = Automatic;
				CURRENT_PROJECT_VERSION = 1;
				DEVELOPMENT_TEAM = WZB5R9B92Y;
				GENERATE_INFOPLIST_FILE = YES;
				IPHONEOS_DEPLOYMENT_TARGET = 17.0;
				MARKETING_VERSION = 1.0;
				PRODUCT_BUNDLE_IDENTIFIER = co.id.aminfaruq.QuizAppTests;
				PRODUCT_NAME = "$(TARGET_NAME)";
				SWIFT_EMIT_LOC_STRINGS = NO;
				SWIFT_OPTIMIZATION_LEVEL = "-Onone";
				SWIFT_VERSION = 5.0;
				TARGETED_DEVICE_FAMILY = "1,2";
				TEST_HOST = "$(BUILT_PRODUCTS_DIR)/QuizApp.app/$(BUNDLE_EXECUTABLE_FOLDER_PATH)/QuizApp";
			};
			name = Debug;
		};
		83539FFD2B7B931E000ABF1A /* Release */ = {
			isa = XCBuildConfiguration;
			buildSettings = {
				ALWAYS_EMBED_SWIFT_STANDARD_LIBRARIES = YES;
				BUNDLE_LOADER = "$(TEST_HOST)";
				CLANG_ENABLE_MODULES = YES;
				CODE_SIGN_STYLE = Automatic;
				CURRENT_PROJECT_VERSION = 1;
				DEVELOPMENT_TEAM = WZB5R9B92Y;
				GENERATE_INFOPLIST_FILE = YES;
				IPHONEOS_DEPLOYMENT_TARGET = 17.0;
				MARKETING_VERSION = 1.0;
				PRODUCT_BUNDLE_IDENTIFIER = co.id.aminfaruq.QuizAppTests;
				PRODUCT_NAME = "$(TARGET_NAME)";
				SWIFT_EMIT_LOC_STRINGS = NO;
				SWIFT_VERSION = 5.0;
				TARGETED_DEVICE_FAMILY = "1,2";
				TEST_HOST = "$(BUILT_PRODUCTS_DIR)/QuizApp.app/$(BUNDLE_EXECUTABLE_FOLDER_PATH)/QuizApp";
			};
			name = Release;
		};
		83539FFF2B7B931E000ABF1A /* Debug */ = {
			isa = XCBuildConfiguration;
			buildSettings = {
				ALWAYS_EMBED_SWIFT_STANDARD_LIBRARIES = YES;
				CODE_SIGN_STYLE = Automatic;
				CURRENT_PROJECT_VERSION = 1;
				DEVELOPMENT_TEAM = WZB5R9B92Y;
				GENERATE_INFOPLIST_FILE = YES;
				MARKETING_VERSION = 1.0;
				PRODUCT_BUNDLE_IDENTIFIER = co.id.aminfaruq.QuizAppUITests;
				PRODUCT_NAME = "$(TARGET_NAME)";
				SWIFT_EMIT_LOC_STRINGS = NO;
				SWIFT_VERSION = 5.0;
				TARGETED_DEVICE_FAMILY = "1,2";
				TEST_TARGET_NAME = QuizApp;
			};
			name = Debug;
		};
		8353A0002B7B931E000ABF1A /* Release */ = {
			isa = XCBuildConfiguration;
			buildSettings = {
				ALWAYS_EMBED_SWIFT_STANDARD_LIBRARIES = YES;
				CODE_SIGN_STYLE = Automatic;
				CURRENT_PROJECT_VERSION = 1;
				DEVELOPMENT_TEAM = WZB5R9B92Y;
				GENERATE_INFOPLIST_FILE = YES;
				MARKETING_VERSION = 1.0;
				PRODUCT_BUNDLE_IDENTIFIER = co.id.aminfaruq.QuizAppUITests;
				PRODUCT_NAME = "$(TARGET_NAME)";
				SWIFT_EMIT_LOC_STRINGS = NO;
				SWIFT_VERSION = 5.0;
				TARGETED_DEVICE_FAMILY = "1,2";
				TEST_TARGET_NAME = QuizApp;
			};
			name = Release;
		};
/* End XCBuildConfiguration section */

/* Begin XCConfigurationList section */
		83539FC92B7B931C000ABF1A /* Build configuration list for PBXProject "QuizApp" */ = {
			isa = XCConfigurationList;
			buildConfigurations = (
				83539FF62B7B931E000ABF1A /* Debug */,
				83539FF72B7B931E000ABF1A /* Release */,
			);
			defaultConfigurationIsVisible = 0;
			defaultConfigurationName = Release;
		};
		83539FF82B7B931E000ABF1A /* Build configuration list for PBXNativeTarget "QuizApp" */ = {
			isa = XCConfigurationList;
			buildConfigurations = (
				83539FF92B7B931E000ABF1A /* Debug */,
				83539FFA2B7B931E000ABF1A /* Release */,
			);
			defaultConfigurationIsVisible = 0;
			defaultConfigurationName = Release;
		};
		83539FFB2B7B931E000ABF1A /* Build configuration list for PBXNativeTarget "QuizAppTests" */ = {
			isa = XCConfigurationList;
			buildConfigurations = (
				83539FFC2B7B931E000ABF1A /* Debug */,
				83539FFD2B7B931E000ABF1A /* Release */,
			);
			defaultConfigurationIsVisible = 0;
			defaultConfigurationName = Release;
		};
		83539FFE2B7B931E000ABF1A /* Build configuration list for PBXNativeTarget "QuizAppUITests" */ = {
			isa = XCConfigurationList;
			buildConfigurations = (
				83539FFF2B7B931E000ABF1A /* Debug */,
				8353A0002B7B931E000ABF1A /* Release */,
			);
			defaultConfigurationIsVisible = 0;
			defaultConfigurationName = Release;
		};
/* End XCConfigurationList section */
	};
	rootObject = 83539FC62B7B931C000ABF1A /* Project object */;
}
