// !$*UTF8*$!
{
	archiveVersion = 1;
	classes = {
	};
	objectVersion = 56;
	objects = {

/* Begin PBXBuildFile section */
		83022C632B915842005E2684 /* QuizDelegate.swift in Sources */ = {isa = PBXBuildFile; fileRef = 83022C622B915842005E2684 /* QuizDelegate.swift */; };
		83022C652B915935005E2684 /* QuizTest.swift in Sources */ = {isa = PBXBuildFile; fileRef = 83022C642B915935005E2684 /* QuizTest.swift */; };
		8358D1212B8A62B900AA6301 /* QuestionTest.swift in Sources */ = {isa = PBXBuildFile; fileRef = 8358D1202B8A62B900AA6301 /* QuestionTest.swift */; };
		8358D1222B8A640400AA6301 /* Question.swift in Sources */ = {isa = PBXBuildFile; fileRef = 8358D1192B8A620700AA6301 /* Question.swift */; };
		8358D1232B8A669700AA6301 /* Question.swift in Sources */ = {isa = PBXBuildFile; fileRef = 8358D1192B8A620700AA6301 /* Question.swift */; };
		8358D1242B8A66FE00AA6301 /* QuestionTest.swift in Sources */ = {isa = PBXBuildFile; fileRef = 8358D1202B8A62B900AA6301 /* QuestionTest.swift */; };
		83AACAB42B9170B7003E938B /* Quiz.swift in Sources */ = {isa = PBXBuildFile; fileRef = 83AACAB32B9170B7003E938B /* Quiz.swift */; };
		83DBE6EA2B83C19100D90842 /* DeprecatedGameTest.swift in Sources */ = {isa = PBXBuildFile; fileRef = 83DBE6E92B83C19100D90842 /* DeprecatedGameTest.swift */; };
		83DBE6EE2B83C8EA00D90842 /* DeprecatedGame.swift in Sources */ = {isa = PBXBuildFile; fileRef = 83DBE6ED2B83C8EA00D90842 /* DeprecatedGame.swift */; };
		83DC45162B9791EB0067511E /* Assertions.swift in Sources */ = {isa = PBXBuildFile; fileRef = 83DC45152B9791EB0067511E /* Assertions.swift */; };
		83DC45182B9792850067511E /* DelegateSpy.swift in Sources */ = {isa = PBXBuildFile; fileRef = 83DC45172B9792850067511E /* DelegateSpy.swift */; };
		83DD2E972B85ED0900F3B2CB /* QuizEngine.framework in Frameworks */ = {isa = PBXBuildFile; fileRef = 83DD2E8F2B85ED0800F3B2CB /* QuizEngine.framework */; };
		83DD2EAA2B85EEA900F3B2CB /* FlowTest.swift in Sources */ = {isa = PBXBuildFile; fileRef = 83E5A3A52B78805A008AE4B5 /* FlowTest.swift */; };
		83DD2EAB2B85EEA900F3B2CB /* DeprecatedGameTest.swift in Sources */ = {isa = PBXBuildFile; fileRef = 83DBE6E92B83C19100D90842 /* DeprecatedGameTest.swift */; };
		83DD2EAE2B85EEB700F3B2CB /* DeprecatedGame.swift in Sources */ = {isa = PBXBuildFile; fileRef = 83DBE6ED2B83C8EA00D90842 /* DeprecatedGame.swift */; };
		83DD2EAF2B85EEB700F3B2CB /* Flow.swift in Sources */ = {isa = PBXBuildFile; fileRef = 83E5A3A72B7881E8008AE4B5 /* Flow.swift */; };
		83E5A3962B787FBC008AE4B5 /* QuizEngine.framework in Frameworks */ = {isa = PBXBuildFile; fileRef = 83E5A38D2B787FBB008AE4B5 /* QuizEngine.framework */; };
		83E5A3A62B78805A008AE4B5 /* FlowTest.swift in Sources */ = {isa = PBXBuildFile; fileRef = 83E5A3A52B78805A008AE4B5 /* FlowTest.swift */; };
		83E5A3A82B7881E8008AE4B5 /* Flow.swift in Sources */ = {isa = PBXBuildFile; fileRef = 83E5A3A72B7881E8008AE4B5 /* Flow.swift */; };
/* End PBXBuildFile section */

/* Begin PBXContainerItemProxy section */
		83DD2E982B85ED0900F3B2CB /* PBXContainerItemProxy */ = {
			isa = PBXContainerItemProxy;
			containerPortal = 83E5A3842B787FBB008AE4B5 /* Project object */;
			proxyType = 1;
			remoteGlobalIDString = 83DD2E8E2B85ED0800F3B2CB;
			remoteInfo = QuizEngine_iOS;
		};
		83E5A3972B787FBC008AE4B5 /* PBXContainerItemProxy */ = {
			isa = PBXContainerItemProxy;
			containerPortal = 83E5A3842B787FBB008AE4B5 /* Project object */;
			proxyType = 1;
			remoteGlobalIDString = 83E5A38C2B787FBB008AE4B5;
			remoteInfo = QuizEngine;
		};
/* End PBXContainerItemProxy section */

/* Begin PBXFileReference section */
		83022C622B915842005E2684 /* QuizDelegate.swift */ = {isa = PBXFileReference; lastKnownFileType = sourcecode.swift; path = QuizDelegate.swift; sourceTree = "<group>"; };
		83022C642B915935005E2684 /* QuizTest.swift */ = {isa = PBXFileReference; lastKnownFileType = sourcecode.swift; path = QuizTest.swift; sourceTree = "<group>"; };
		8358D1192B8A620700AA6301 /* Question.swift */ = {isa = PBXFileReference; fileEncoding = 4; lastKnownFileType = sourcecode.swift; path = Question.swift; sourceTree = "<group>"; };
		8358D1202B8A62B900AA6301 /* QuestionTest.swift */ = {isa = PBXFileReference; fileEncoding = 4; lastKnownFileType = sourcecode.swift; path = QuestionTest.swift; sourceTree = "<group>"; };
		83AACAB32B9170B7003E938B /* Quiz.swift */ = {isa = PBXFileReference; lastKnownFileType = sourcecode.swift; path = Quiz.swift; sourceTree = "<group>"; };
		83DBE6E92B83C19100D90842 /* DeprecatedGameTest.swift */ = {isa = PBXFileReference; lastKnownFileType = sourcecode.swift; path = DeprecatedGameTest.swift; sourceTree = "<group>"; };
		83DBE6ED2B83C8EA00D90842 /* DeprecatedGame.swift */ = {isa = PBXFileReference; lastKnownFileType = sourcecode.swift; path = DeprecatedGame.swift; sourceTree = "<group>"; };
		83DC45152B9791EB0067511E /* Assertions.swift */ = {isa = PBXFileReference; lastKnownFileType = sourcecode.swift; path = Assertions.swift; sourceTree = "<group>"; };
		83DC45172B9792850067511E /* DelegateSpy.swift */ = {isa = PBXFileReference; lastKnownFileType = sourcecode.swift; path = DelegateSpy.swift; sourceTree = "<group>"; };
		83DD2E8F2B85ED0800F3B2CB /* QuizEngine.framework */ = {isa = PBXFileReference; explicitFileType = wrapper.framework; includeInIndex = 0; path = QuizEngine.framework; sourceTree = BUILT_PRODUCTS_DIR; };
		83DD2E962B85ED0900F3B2CB /* QuizEngine_iOSTests.xctest */ = {isa = PBXFileReference; explicitFileType = wrapper.cfbundle; includeInIndex = 0; path = QuizEngine_iOSTests.xctest; sourceTree = BUILT_PRODUCTS_DIR; };
		83E5A38D2B787FBB008AE4B5 /* QuizEngine.framework */ = {isa = PBXFileReference; explicitFileType = wrapper.framework; includeInIndex = 0; path = QuizEngine.framework; sourceTree = BUILT_PRODUCTS_DIR; };
		83E5A3952B787FBC008AE4B5 /* QuizEngineTests.xctest */ = {isa = PBXFileReference; explicitFileType = wrapper.cfbundle; includeInIndex = 0; path = QuizEngineTests.xctest; sourceTree = BUILT_PRODUCTS_DIR; };
		83E5A3A52B78805A008AE4B5 /* FlowTest.swift */ = {isa = PBXFileReference; lastKnownFileType = sourcecode.swift; path = FlowTest.swift; sourceTree = "<group>"; };
		83E5A3A72B7881E8008AE4B5 /* Flow.swift */ = {isa = PBXFileReference; lastKnownFileType = sourcecode.swift; path = Flow.swift; sourceTree = "<group>"; };
/* End PBXFileReference section */

/* Begin PBXFrameworksBuildPhase section */
		83DD2E8C2B85ED0800F3B2CB /* Frameworks */ = {
			isa = PBXFrameworksBuildPhase;
			buildActionMask = 2147483647;
			files = (
			);
			runOnlyForDeploymentPostprocessing = 0;
		};
		83DD2E932B85ED0900F3B2CB /* Frameworks */ = {
			isa = PBXFrameworksBuildPhase;
			buildActionMask = 2147483647;
			files = (
				83DD2E972B85ED0900F3B2CB /* QuizEngine.framework in Frameworks */,
			);
			runOnlyForDeploymentPostprocessing = 0;
		};
		83E5A38A2B787FBB008AE4B5 /* Frameworks */ = {
			isa = PBXFrameworksBuildPhase;
			buildActionMask = 2147483647;
			files = (
			);
			runOnlyForDeploymentPostprocessing = 0;
		};
		83E5A3922B787FBC008AE4B5 /* Frameworks */ = {
			isa = PBXFrameworksBuildPhase;
			buildActionMask = 2147483647;
			files = (
				83E5A3962B787FBC008AE4B5 /* QuizEngine.framework in Frameworks */,
			);
			runOnlyForDeploymentPostprocessing = 0;
		};
/* End PBXFrameworksBuildPhase section */

/* Begin PBXGroup section */
		83E5A3832B787FBB008AE4B5 = {
			isa = PBXGroup;
			children = (
				83E5A38F2B787FBB008AE4B5 /* QuizEngine */,
				83E5A3992B787FBC008AE4B5 /* QuizEngineTests */,
				83E5A38E2B787FBB008AE4B5 /* Products */,
			);
			sourceTree = "<group>";
		};
		83E5A38E2B787FBB008AE4B5 /* Products */ = {
			isa = PBXGroup;
			children = (
				83E5A38D2B787FBB008AE4B5 /* QuizEngine.framework */,
				83E5A3952B787FBC008AE4B5 /* QuizEngineTests.xctest */,
				83DD2E8F2B85ED0800F3B2CB /* QuizEngine.framework */,
				83DD2E962B85ED0900F3B2CB /* QuizEngine_iOSTests.xctest */,
			);
			name = Products;
			sourceTree = "<group>";
		};
		83E5A38F2B787FBB008AE4B5 /* QuizEngine */ = {
			isa = PBXGroup;
			children = (
				83E5A3A72B7881E8008AE4B5 /* Flow.swift */,
				83022C622B915842005E2684 /* QuizDelegate.swift */,
				83AACAB32B9170B7003E938B /* Quiz.swift */,
				83DBE6ED2B83C8EA00D90842 /* DeprecatedGame.swift */,
				8358D1192B8A620700AA6301 /* Question.swift */,
			);
			path = QuizEngine;
			sourceTree = "<group>";
		};
		83E5A3992B787FBC008AE4B5 /* QuizEngineTests */ = {
			isa = PBXGroup;
			children = (
				8358D1202B8A62B900AA6301 /* QuestionTest.swift */,
				83E5A3A52B78805A008AE4B5 /* FlowTest.swift */,
				83DBE6E92B83C19100D90842 /* DeprecatedGameTest.swift */,
				83022C642B915935005E2684 /* QuizTest.swift */,
				83DC45152B9791EB0067511E /* Assertions.swift */,
				83DC45172B9792850067511E /* DelegateSpy.swift */,
			);
			path = QuizEngineTests;
			sourceTree = "<group>";
		};
/* End PBXGroup section */

/* Begin PBXHeadersBuildPhase section */
		83DD2E8A2B85ED0800F3B2CB /* Headers */ = {
			isa = PBXHeadersBuildPhase;
			buildActionMask = 2147483647;
			files = (
			);
			runOnlyForDeploymentPostprocessing = 0;
		};
		83E5A3882B787FBB008AE4B5 /* Headers */ = {
			isa = PBXHeadersBuildPhase;
			buildActionMask = 2147483647;
			files = (
			);
			runOnlyForDeploymentPostprocessing = 0;
		};
/* End PBXHeadersBuildPhase section */

/* Begin PBXNativeTarget section */
		83DD2E8E2B85ED0800F3B2CB /* QuizEngine_iOS */ = {
			isa = PBXNativeTarget;
			buildConfigurationList = 83DD2EA22B85ED0900F3B2CB /* Build configuration list for PBXNativeTarget "QuizEngine_iOS" */;
			buildPhases = (
				83DD2E8A2B85ED0800F3B2CB /* Headers */,
				83DD2E8B2B85ED0800F3B2CB /* Sources */,
				83DD2E8C2B85ED0800F3B2CB /* Frameworks */,
				83DD2E8D2B85ED0800F3B2CB /* Resources */,
			);
			buildRules = (
			);
			dependencies = (
			);
			name = QuizEngine_iOS;
			productName = QuizEngine_iOS;
			productReference = 83DD2E8F2B85ED0800F3B2CB /* QuizEngine.framework */;
			productType = "com.apple.product-type.framework";
		};
		83DD2E952B85ED0900F3B2CB /* QuizEngine_iOSTests */ = {
			isa = PBXNativeTarget;
			buildConfigurationList = 83DD2EA32B85ED0900F3B2CB /* Build configuration list for PBXNativeTarget "QuizEngine_iOSTests" */;
			buildPhases = (
				83DD2E922B85ED0900F3B2CB /* Sources */,
				83DD2E932B85ED0900F3B2CB /* Frameworks */,
				83DD2E942B85ED0900F3B2CB /* Resources */,
			);
			buildRules = (
			);
			dependencies = (
				83DD2E992B85ED0900F3B2CB /* PBXTargetDependency */,
			);
			name = QuizEngine_iOSTests;
			productName = QuizEngine_iOSTests;
			productReference = 83DD2E962B85ED0900F3B2CB /* QuizEngine_iOSTests.xctest */;
			productType = "com.apple.product-type.bundle.unit-test";
		};
		83E5A38C2B787FBB008AE4B5 /* QuizEngine */ = {
			isa = PBXNativeTarget;
			buildConfigurationList = 83E5A39F2B787FBC008AE4B5 /* Build configuration list for PBXNativeTarget "QuizEngine" */;
			buildPhases = (
				83E5A3882B787FBB008AE4B5 /* Headers */,
				83E5A3892B787FBB008AE4B5 /* Sources */,
				83E5A38A2B787FBB008AE4B5 /* Frameworks */,
				83E5A38B2B787FBB008AE4B5 /* Resources */,
			);
			buildRules = (
			);
			dependencies = (
			);
			name = QuizEngine;
			productName = QuizEngine;
			productReference = 83E5A38D2B787FBB008AE4B5 /* QuizEngine.framework */;
			productType = "com.apple.product-type.framework";
		};
		83E5A3942B787FBC008AE4B5 /* QuizEngineTests */ = {
			isa = PBXNativeTarget;
			buildConfigurationList = 83E5A3A22B787FBC008AE4B5 /* Build configuration list for PBXNativeTarget "QuizEngineTests" */;
			buildPhases = (
				83E5A3912B787FBC008AE4B5 /* Sources */,
				83E5A3922B787FBC008AE4B5 /* Frameworks */,
				83E5A3932B787FBC008AE4B5 /* Resources */,
			);
			buildRules = (
			);
			dependencies = (
				83E5A3982B787FBC008AE4B5 /* PBXTargetDependency */,
			);
			name = QuizEngineTests;
			productName = QuizEngineTests;
			productReference = 83E5A3952B787FBC008AE4B5 /* QuizEngineTests.xctest */;
			productType = "com.apple.product-type.bundle.unit-test";
		};
/* End PBXNativeTarget section */

/* Begin PBXProject section */
		83E5A3842B787FBB008AE4B5 /* Project object */ = {
			isa = PBXProject;
			attributes = {
				BuildIndependentTargetsInParallel = 1;
				LastSwiftUpdateCheck = 1500;
				LastUpgradeCheck = 1500;
				TargetAttributes = {
					83DD2E8E2B85ED0800F3B2CB = {
						CreatedOnToolsVersion = 15.0;
					};
					83DD2E952B85ED0900F3B2CB = {
						CreatedOnToolsVersion = 15.0;
					};
					83E5A38C2B787FBB008AE4B5 = {
						CreatedOnToolsVersion = 15.0;
						LastSwiftMigration = 1500;
					};
					83E5A3942B787FBC008AE4B5 = {
						CreatedOnToolsVersion = 15.0;
						LastSwiftMigration = 1500;
					};
				};
			};
			buildConfigurationList = 83E5A3872B787FBB008AE4B5 /* Build configuration list for PBXProject "QuizEngine" */;
			compatibilityVersion = "Xcode 14.0";
			developmentRegion = en;
			hasScannedForEncodings = 0;
			knownRegions = (
				en,
				Base,
			);
			mainGroup = 83E5A3832B787FBB008AE4B5;
			productRefGroup = 83E5A38E2B787FBB008AE4B5 /* Products */;
			projectDirPath = "";
			projectRoot = "";
			targets = (
				83E5A38C2B787FBB008AE4B5 /* QuizEngine */,
				83E5A3942B787FBC008AE4B5 /* QuizEngineTests */,
				83DD2E8E2B85ED0800F3B2CB /* QuizEngine_iOS */,
				83DD2E952B85ED0900F3B2CB /* QuizEngine_iOSTests */,
			);
		};
/* End PBXProject section */

/* Begin PBXResourcesBuildPhase section */
		83DD2E8D2B85ED0800F3B2CB /* Resources */ = {
			isa = PBXResourcesBuildPhase;
			buildActionMask = 2147483647;
			files = (
			);
			runOnlyForDeploymentPostprocessing = 0;
		};
		83DD2E942B85ED0900F3B2CB /* Resources */ = {
			isa = PBXResourcesBuildPhase;
			buildActionMask = 2147483647;
			files = (
			);
			runOnlyForDeploymentPostprocessing = 0;
		};
		83E5A38B2B787FBB008AE4B5 /* Resources */ = {
			isa = PBXResourcesBuildPhase;
			buildActionMask = 2147483647;
			files = (
			);
			runOnlyForDeploymentPostprocessing = 0;
		};
		83E5A3932B787FBC008AE4B5 /* Resources */ = {
			isa = PBXResourcesBuildPhase;
			buildActionMask = 2147483647;
			files = (
			);
			runOnlyForDeploymentPostprocessing = 0;
		};
/* End PBXResourcesBuildPhase section */

/* Begin PBXSourcesBuildPhase section */
		83DD2E8B2B85ED0800F3B2CB /* Sources */ = {
			isa = PBXSourcesBuildPhase;
			buildActionMask = 2147483647;
			files = (
				8358D1232B8A669700AA6301 /* Question.swift in Sources */,
				83DD2EAF2B85EEB700F3B2CB /* Flow.swift in Sources */,
				83DD2EAE2B85EEB700F3B2CB /* DeprecatedGame.swift in Sources */,
			);
			runOnlyForDeploymentPostprocessing = 0;
		};
		83DD2E922B85ED0900F3B2CB /* Sources */ = {
			isa = PBXSourcesBuildPhase;
			buildActionMask = 2147483647;
			files = (
				8358D1242B8A66FE00AA6301 /* QuestionTest.swift in Sources */,
				83DD2EAA2B85EEA900F3B2CB /* FlowTest.swift in Sources */,
				83DD2EAB2B85EEA900F3B2CB /* DeprecatedGameTest.swift in Sources */,
			);
			runOnlyForDeploymentPostprocessing = 0;
		};
		83E5A3892B787FBB008AE4B5 /* Sources */ = {
			isa = PBXSourcesBuildPhase;
			buildActionMask = 2147483647;
			files = (
				8358D1222B8A640400AA6301 /* Question.swift in Sources */,
				83AACAB42B9170B7003E938B /* Quiz.swift in Sources */,
				83E5A3A82B7881E8008AE4B5 /* Flow.swift in Sources */,
				83DBE6EE2B83C8EA00D90842 /* DeprecatedGame.swift in Sources */,
				83022C632B915842005E2684 /* QuizDelegate.swift in Sources */,
			);
			runOnlyForDeploymentPostprocessing = 0;
		};
		83E5A3912B787FBC008AE4B5 /* Sources */ = {
			isa = PBXSourcesBuildPhase;
			buildActionMask = 2147483647;
			files = (
				83E5A3A62B78805A008AE4B5 /* FlowTest.swift in Sources */,
				8358D1212B8A62B900AA6301 /* QuestionTest.swift in Sources */,
				83022C652B915935005E2684 /* QuizTest.swift in Sources */,
				83DC45162B9791EB0067511E /* Assertions.swift in Sources */,
				83DBE6EA2B83C19100D90842 /* DeprecatedGameTest.swift in Sources */,
				83DC45182B9792850067511E /* DelegateSpy.swift in Sources */,
			);
			runOnlyForDeploymentPostprocessing = 0;
		};
/* End PBXSourcesBuildPhase section */

/* Begin PBXTargetDependency section */
		83DD2E992B85ED0900F3B2CB /* PBXTargetDependency */ = {
			isa = PBXTargetDependency;
			target = 83DD2E8E2B85ED0800F3B2CB /* QuizEngine_iOS */;
			targetProxy = 83DD2E982B85ED0900F3B2CB /* PBXContainerItemProxy */;
		};
		83E5A3982B787FBC008AE4B5 /* PBXTargetDependency */ = {
			isa = PBXTargetDependency;
			target = 83E5A38C2B787FBB008AE4B5 /* QuizEngine */;
			targetProxy = 83E5A3972B787FBC008AE4B5 /* PBXContainerItemProxy */;
		};
/* End PBXTargetDependency section */

/* Begin XCBuildConfiguration section */
		83DD2E9E2B85ED0900F3B2CB /* Debug */ = {
			isa = XCBuildConfiguration;
			buildSettings = {
				CODE_SIGN_STYLE = Automatic;
				CURRENT_PROJECT_VERSION = 1;
				DEFINES_MODULE = YES;
				DEVELOPMENT_TEAM = WZB5R9B92Y;
				DYLIB_COMPATIBILITY_VERSION = 1;
				DYLIB_CURRENT_VERSION = 1;
				DYLIB_INSTALL_NAME_BASE = "@rpath";
				ENABLE_MODULE_VERIFIER = YES;
				GENERATE_INFOPLIST_FILE = YES;
				INFOPLIST_KEY_NSHumanReadableCopyright = "";
				INSTALL_PATH = "$(LOCAL_LIBRARY_DIR)/Frameworks";
				IPHONEOS_DEPLOYMENT_TARGET = 17.0;
				LD_RUNPATH_SEARCH_PATHS = (
					"$(inherited)",
					"@executable_path/Frameworks",
					"@loader_path/Frameworks",
				);
				MARKETING_VERSION = 1.0;
				MODULE_VERIFIER_SUPPORTED_LANGUAGES = "objective-c objective-c++";
				MODULE_VERIFIER_SUPPORTED_LANGUAGE_STANDARDS = "gnu17 gnu++20";
				PRODUCT_BUNDLE_IDENTIFIER = "co.id.aminfaruq.QuizEngine-iOS";
				PRODUCT_NAME = QuizEngine;
				SDKROOT = iphoneos;
				SKIP_INSTALL = YES;
				SWIFT_EMIT_LOC_STRINGS = YES;
				SWIFT_VERSION = 5.0;
				TARGETED_DEVICE_FAMILY = "1,2";
			};
			name = Debug;
		};
		83DD2E9F2B85ED0900F3B2CB /* Release */ = {
			isa = XCBuildConfiguration;
			buildSettings = {
				CODE_SIGN_STYLE = Automatic;
				CURRENT_PROJECT_VERSION = 1;
				DEFINES_MODULE = YES;
				DEVELOPMENT_TEAM = WZB5R9B92Y;
				DYLIB_COMPATIBILITY_VERSION = 1;
				DYLIB_CURRENT_VERSION = 1;
				DYLIB_INSTALL_NAME_BASE = "@rpath";
				ENABLE_MODULE_VERIFIER = YES;
				GENERATE_INFOPLIST_FILE = YES;
				INFOPLIST_KEY_NSHumanReadableCopyright = "";
				INSTALL_PATH = "$(LOCAL_LIBRARY_DIR)/Frameworks";
				IPHONEOS_DEPLOYMENT_TARGET = 17.0;
				LD_RUNPATH_SEARCH_PATHS = (
					"$(inherited)",
					"@executable_path/Frameworks",
					"@loader_path/Frameworks",
				);
				MARKETING_VERSION = 1.0;
				MODULE_VERIFIER_SUPPORTED_LANGUAGES = "objective-c objective-c++";
				MODULE_VERIFIER_SUPPORTED_LANGUAGE_STANDARDS = "gnu17 gnu++20";
				PRODUCT_BUNDLE_IDENTIFIER = "co.id.aminfaruq.QuizEngine-iOS";
				PRODUCT_NAME = QuizEngine;
				SDKROOT = iphoneos;
				SKIP_INSTALL = YES;
				SWIFT_EMIT_LOC_STRINGS = YES;
				SWIFT_VERSION = 5.0;
				TARGETED_DEVICE_FAMILY = "1,2";
				VALIDATE_PRODUCT = YES;
			};
			name = Release;
		};
		83DD2EA02B85ED0900F3B2CB /* Debug */ = {
			isa = XCBuildConfiguration;
			buildSettings = {
				ALWAYS_EMBED_SWIFT_STANDARD_LIBRARIES = YES;
				CODE_SIGN_STYLE = Automatic;
				CURRENT_PROJECT_VERSION = 1;
				DEVELOPMENT_TEAM = WZB5R9B92Y;
				GENERATE_INFOPLIST_FILE = YES;
				IPHONEOS_DEPLOYMENT_TARGET = 17.0;
				MARKETING_VERSION = 1.0;
				PRODUCT_BUNDLE_IDENTIFIER = "co.id.aminfaruq.QuizEngine-iOSTests";
				PRODUCT_NAME = "$(TARGET_NAME)";
				SDKROOT = iphoneos;
				SWIFT_EMIT_LOC_STRINGS = NO;
				SWIFT_VERSION = 5.0;
				TARGETED_DEVICE_FAMILY = "1,2";
			};
			name = Debug;
		};
		83DD2EA12B85ED0900F3B2CB /* Release */ = {
			isa = XCBuildConfiguration;
			buildSettings = {
				ALWAYS_EMBED_SWIFT_STANDARD_LIBRARIES = YES;
				CODE_SIGN_STYLE = Automatic;
				CURRENT_PROJECT_VERSION = 1;
				DEVELOPMENT_TEAM = WZB5R9B92Y;
				GENERATE_INFOPLIST_FILE = YES;
				IPHONEOS_DEPLOYMENT_TARGET = 17.0;
				MARKETING_VERSION = 1.0;
				PRODUCT_BUNDLE_IDENTIFIER = "co.id.aminfaruq.QuizEngine-iOSTests";
				PRODUCT_NAME = "$(TARGET_NAME)";
				SDKROOT = iphoneos;
				SWIFT_EMIT_LOC_STRINGS = NO;
				SWIFT_VERSION = 5.0;
				TARGETED_DEVICE_FAMILY = "1,2";
				VALIDATE_PRODUCT = YES;
			};
			name = Release;
		};
		83E5A39D2B787FBC008AE4B5 /* Debug */ = {
			isa = XCBuildConfiguration;
			buildSettings = {
				ALWAYS_SEARCH_USER_PATHS = NO;
				ASSETCATALOG_COMPILER_GENERATE_SWIFT_ASSET_SYMBOL_EXTENSIONS = YES;
				CLANG_ANALYZER_NONNULL = YES;
				CLANG_ANALYZER_NUMBER_OBJECT_CONVERSION = YES_AGGRESSIVE;
				CLANG_CXX_LANGUAGE_STANDARD = "gnu++20";
				CLANG_ENABLE_MODULES = YES;
				CLANG_ENABLE_OBJC_ARC = YES;
				CLANG_ENABLE_OBJC_WEAK = YES;
				CLANG_WARN_BLOCK_CAPTURE_AUTORELEASING = YES;
				CLANG_WARN_BOOL_CONVERSION = YES;
				CLANG_WARN_COMMA = YES;
				CLANG_WARN_CONSTANT_CONVERSION = YES;
				CLANG_WARN_DEPRECATED_OBJC_IMPLEMENTATIONS = YES;
				CLANG_WARN_DIRECT_OBJC_ISA_USAGE = YES_ERROR;
				CLANG_WARN_DOCUMENTATION_COMMENTS = YES;
				CLANG_WARN_EMPTY_BODY = YES;
				CLANG_WARN_ENUM_CONVERSION = YES;
				CLANG_WARN_INFINITE_RECURSION = YES;
				CLANG_WARN_INT_CONVERSION = YES;
				CLANG_WARN_NON_LITERAL_NULL_CONVERSION = YES;
				CLANG_WARN_OBJC_IMPLICIT_RETAIN_SELF = YES;
				CLANG_WARN_OBJC_LITERAL_CONVERSION = YES;
				CLANG_WARN_OBJC_ROOT_CLASS = YES_ERROR;
				CLANG_WARN_QUOTED_INCLUDE_IN_FRAMEWORK_HEADER = YES;
				CLANG_WARN_RANGE_LOOP_ANALYSIS = YES;
				CLANG_WARN_STRICT_PROTOTYPES = YES;
				CLANG_WARN_SUSPICIOUS_MOVE = YES;
				CLANG_WARN_UNGUARDED_AVAILABILITY = YES_AGGRESSIVE;
				CLANG_WARN_UNREACHABLE_CODE = YES;
				CLANG_WARN__DUPLICATE_METHOD_MATCH = YES;
				COPY_PHASE_STRIP = NO;
				CURRENT_PROJECT_VERSION = 1;
				DEBUG_INFORMATION_FORMAT = dwarf;
				ENABLE_STRICT_OBJC_MSGSEND = YES;
				ENABLE_TESTABILITY = YES;
				ENABLE_USER_SCRIPT_SANDBOXING = YES;
				GCC_C_LANGUAGE_STANDARD = gnu17;
				GCC_DYNAMIC_NO_PIC = NO;
				GCC_NO_COMMON_BLOCKS = YES;
				GCC_OPTIMIZATION_LEVEL = 0;
				GCC_PREPROCESSOR_DEFINITIONS = (
					"DEBUG=1",
					"$(inherited)",
				);
				GCC_WARN_64_TO_32_BIT_CONVERSION = YES;
				GCC_WARN_ABOUT_RETURN_TYPE = YES_ERROR;
				GCC_WARN_UNDECLARED_SELECTOR = YES;
				GCC_WARN_UNINITIALIZED_AUTOS = YES_AGGRESSIVE;
				GCC_WARN_UNUSED_FUNCTION = YES;
				GCC_WARN_UNUSED_VARIABLE = YES;
				LOCALIZATION_PREFERS_STRING_CATALOGS = YES;
				MACOSX_DEPLOYMENT_TARGET = 14.0;
				MTL_ENABLE_DEBUG_INFO = INCLUDE_SOURCE;
				MTL_FAST_MATH = YES;
				ONLY_ACTIVE_ARCH = YES;
				SDKROOT = macosx;
				SWIFT_ACTIVE_COMPILATION_CONDITIONS = "DEBUG $(inherited)";
				SWIFT_OPTIMIZATION_LEVEL = "-Onone";
				VERSIONING_SYSTEM = "apple-generic";
				VERSION_INFO_PREFIX = "";
			};
			name = Debug;
		};
		83E5A39E2B787FBC008AE4B5 /* Release */ = {
			isa = XCBuildConfiguration;
			buildSettings = {
				ALWAYS_SEARCH_USER_PATHS = NO;
				ASSETCATALOG_COMPILER_GENERATE_SWIFT_ASSET_SYMBOL_EXTENSIONS = YES;
				CLANG_ANALYZER_NONNULL = YES;
				CLANG_ANALYZER_NUMBER_OBJECT_CONVERSION = YES_AGGRESSIVE;
				CLANG_CXX_LANGUAGE_STANDARD = "gnu++20";
				CLANG_ENABLE_MODULES = YES;
				CLANG_ENABLE_OBJC_ARC = YES;
				CLANG_ENABLE_OBJC_WEAK = YES;
				CLANG_WARN_BLOCK_CAPTURE_AUTORELEASING = YES;
				CLANG_WARN_BOOL_CONVERSION = YES;
				CLANG_WARN_COMMA = YES;
				CLANG_WARN_CONSTANT_CONVERSION = YES;
				CLANG_WARN_DEPRECATED_OBJC_IMPLEMENTATIONS = YES;
				CLANG_WARN_DIRECT_OBJC_ISA_USAGE = YES_ERROR;
				CLANG_WARN_DOCUMENTATION_COMMENTS = YES;
				CLANG_WARN_EMPTY_BODY = YES;
				CLANG_WARN_ENUM_CONVERSION = YES;
				CLANG_WARN_INFINITE_RECURSION = YES;
				CLANG_WARN_INT_CONVERSION = YES;
				CLANG_WARN_NON_LITERAL_NULL_CONVERSION = YES;
				CLANG_WARN_OBJC_IMPLICIT_RETAIN_SELF = YES;
				CLANG_WARN_OBJC_LITERAL_CONVERSION = YES;
				CLANG_WARN_OBJC_ROOT_CLASS = YES_ERROR;
				CLANG_WARN_QUOTED_INCLUDE_IN_FRAMEWORK_HEADER = YES;
				CLANG_WARN_RANGE_LOOP_ANALYSIS = YES;
				CLANG_WARN_STRICT_PROTOTYPES = YES;
				CLANG_WARN_SUSPICIOUS_MOVE = YES;
				CLANG_WARN_UNGUARDED_AVAILABILITY = YES_AGGRESSIVE;
				CLANG_WARN_UNREACHABLE_CODE = YES;
				CLANG_WARN__DUPLICATE_METHOD_MATCH = YES;
				COPY_PHASE_STRIP = NO;
				CURRENT_PROJECT_VERSION = 1;
				DEBUG_INFORMATION_FORMAT = "dwarf-with-dsym";
				ENABLE_NS_ASSERTIONS = NO;
				ENABLE_STRICT_OBJC_MSGSEND = YES;
				ENABLE_USER_SCRIPT_SANDBOXING = YES;
				GCC_C_LANGUAGE_STANDARD = gnu17;
				GCC_NO_COMMON_BLOCKS = YES;
				GCC_WARN_64_TO_32_BIT_CONVERSION = YES;
				GCC_WARN_ABOUT_RETURN_TYPE = YES_ERROR;
				GCC_WARN_UNDECLARED_SELECTOR = YES;
				GCC_WARN_UNINITIALIZED_AUTOS = YES_AGGRESSIVE;
				GCC_WARN_UNUSED_FUNCTION = YES;
				GCC_WARN_UNUSED_VARIABLE = YES;
				LOCALIZATION_PREFERS_STRING_CATALOGS = YES;
				MACOSX_DEPLOYMENT_TARGET = 14.0;
				MTL_ENABLE_DEBUG_INFO = NO;
				MTL_FAST_MATH = YES;
				SDKROOT = macosx;
				SWIFT_COMPILATION_MODE = wholemodule;
				VERSIONING_SYSTEM = "apple-generic";
				VERSION_INFO_PREFIX = "";
			};
			name = Release;
		};
		83E5A3A02B787FBC008AE4B5 /* Debug */ = {
			isa = XCBuildConfiguration;
			buildSettings = {
				CLANG_ENABLE_MODULES = YES;
				CODE_SIGN_STYLE = Automatic;
				COMBINE_HIDPI_IMAGES = YES;
				CURRENT_PROJECT_VERSION = 1;
				DEFINES_MODULE = YES;
				DEVELOPMENT_TEAM = WZB5R9B92Y;
				DYLIB_COMPATIBILITY_VERSION = 1;
				DYLIB_CURRENT_VERSION = 1;
				DYLIB_INSTALL_NAME_BASE = "@rpath";
				ENABLE_MODULE_VERIFIER = YES;
				GENERATE_INFOPLIST_FILE = YES;
				INFOPLIST_KEY_NSHumanReadableCopyright = "";
				INSTALL_PATH = "$(LOCAL_LIBRARY_DIR)/Frameworks";
				LD_RUNPATH_SEARCH_PATHS = (
					"$(inherited)",
					"@executable_path/../Frameworks",
					"@loader_path/Frameworks",
				);
				MARKETING_VERSION = 1.0;
				MODULE_VERIFIER_SUPPORTED_LANGUAGES = "objective-c objective-c++";
				MODULE_VERIFIER_SUPPORTED_LANGUAGE_STANDARDS = "gnu17 gnu++20";
				PRODUCT_BUNDLE_IDENTIFIER = co.id.aminfaruq.QuizEngine;
				PRODUCT_NAME = "$(TARGET_NAME:c99extidentifier)";
				SKIP_INSTALL = YES;
				SWIFT_EMIT_LOC_STRINGS = YES;
				SWIFT_OPTIMIZATION_LEVEL = "-Onone";
				SWIFT_VERSION = 5.0;
			};
			name = Debug;
		};
		83E5A3A12B787FBC008AE4B5 /* Release */ = {
			isa = XCBuildConfiguration;
			buildSettings = {
				CLANG_ENABLE_MODULES = YES;
				CODE_SIGN_STYLE = Automatic;
				COMBINE_HIDPI_IMAGES = YES;
				CURRENT_PROJECT_VERSION = 1;
				DEFINES_MODULE = YES;
				DEVELOPMENT_TEAM = WZB5R9B92Y;
				DYLIB_COMPATIBILITY_VERSION = 1;
				DYLIB_CURRENT_VERSION = 1;
				DYLIB_INSTALL_NAME_BASE = "@rpath";
				ENABLE_MODULE_VERIFIER = YES;
				GENERATE_INFOPLIST_FILE = YES;
				INFOPLIST_KEY_NSHumanReadableCopyright = "";
				INSTALL_PATH = "$(LOCAL_LIBRARY_DIR)/Frameworks";
				LD_RUNPATH_SEARCH_PATHS = (
					"$(inherited)",
					"@executable_path/../Frameworks",
					"@loader_path/Frameworks",
				);
				MARKETING_VERSION = 1.0;
				MODULE_VERIFIER_SUPPORTED_LANGUAGES = "objective-c objective-c++";
				MODULE_VERIFIER_SUPPORTED_LANGUAGE_STANDARDS = "gnu17 gnu++20";
				PRODUCT_BUNDLE_IDENTIFIER = co.id.aminfaruq.QuizEngine;
				PRODUCT_NAME = "$(TARGET_NAME:c99extidentifier)";
				SKIP_INSTALL = YES;
				SWIFT_EMIT_LOC_STRINGS = YES;
				SWIFT_VERSION = 5.0;
			};
			name = Release;
		};
		83E5A3A32B787FBC008AE4B5 /* Debug */ = {
			isa = XCBuildConfiguration;
			buildSettings = {
				ALWAYS_EMBED_SWIFT_STANDARD_LIBRARIES = YES;
				CLANG_ENABLE_MODULES = YES;
				CODE_SIGN_STYLE = Automatic;
				CURRENT_PROJECT_VERSION = 1;
				DEVELOPMENT_TEAM = WZB5R9B92Y;
				GENERATE_INFOPLIST_FILE = YES;
				MARKETING_VERSION = 1.0;
				PRODUCT_BUNDLE_IDENTIFIER = co.id.aminfaruq.QuizEngineTests;
				PRODUCT_NAME = "$(TARGET_NAME)";
				SWIFT_EMIT_LOC_STRINGS = NO;
				SWIFT_OPTIMIZATION_LEVEL = "-Onone";
				SWIFT_VERSION = 5.0;
			};
			name = Debug;
		};
		83E5A3A42B787FBC008AE4B5 /* Release */ = {
			isa = XCBuildConfiguration;
			buildSettings = {
				ALWAYS_EMBED_SWIFT_STANDARD_LIBRARIES = YES;
				CLANG_ENABLE_MODULES = YES;
				CODE_SIGN_STYLE = Automatic;
				CURRENT_PROJECT_VERSION = 1;
				DEVELOPMENT_TEAM = WZB5R9B92Y;
				GENERATE_INFOPLIST_FILE = YES;
				MARKETING_VERSION = 1.0;
				PRODUCT_BUNDLE_IDENTIFIER = co.id.aminfaruq.QuizEngineTests;
				PRODUCT_NAME = "$(TARGET_NAME)";
				SWIFT_EMIT_LOC_STRINGS = NO;
				SWIFT_VERSION = 5.0;
			};
			name = Release;
		};
/* End XCBuildConfiguration section */

/* Begin XCConfigurationList section */
		83DD2EA22B85ED0900F3B2CB /* Build configuration list for PBXNativeTarget "QuizEngine_iOS" */ = {
			isa = XCConfigurationList;
			buildConfigurations = (
				83DD2E9E2B85ED0900F3B2CB /* Debug */,
				83DD2E9F2B85ED0900F3B2CB /* Release */,
			);
			defaultConfigurationIsVisible = 0;
			defaultConfigurationName = Release;
		};
		83DD2EA32B85ED0900F3B2CB /* Build configuration list for PBXNativeTarget "QuizEngine_iOSTests" */ = {
			isa = XCConfigurationList;
			buildConfigurations = (
				83DD2EA02B85ED0900F3B2CB /* Debug */,
				83DD2EA12B85ED0900F3B2CB /* Release */,
			);
			defaultConfigurationIsVisible = 0;
			defaultConfigurationName = Release;
		};
		83E5A3872B787FBB008AE4B5 /* Build configuration list for PBXProject "QuizEngine" */ = {
			isa = XCConfigurationList;
			buildConfigurations = (
				83E5A39D2B787FBC008AE4B5 /* Debug */,
				83E5A39E2B787FBC008AE4B5 /* Release */,
			);
			defaultConfigurationIsVisible = 0;
			defaultConfigurationName = Release;
		};
		83E5A39F2B787FBC008AE4B5 /* Build configuration list for PBXNativeTarget "QuizEngine" */ = {
			isa = XCConfigurationList;
			buildConfigurations = (
				83E5A3A02B787FBC008AE4B5 /* Debug */,
				83E5A3A12B787FBC008AE4B5 /* Release */,
			);
			defaultConfigurationIsVisible = 0;
			defaultConfigurationName = Release;
		};
		83E5A3A22B787FBC008AE4B5 /* Build configuration list for PBXNativeTarget "QuizEngineTests" */ = {
			isa = XCConfigurationList;
			buildConfigurations = (
				83E5A3A32B787FBC008AE4B5 /* Debug */,
				83E5A3A42B787FBC008AE4B5 /* Release */,
			);
			defaultConfigurationIsVisible = 0;
			defaultConfigurationName = Release;
		};
/* End XCConfigurationList section */
	};
	rootObject = 83E5A3842B787FBB008AE4B5 /* Project object */;
}
